version = 1
revision = 1
requires-python = ">=3.10.0, <3.11"

[options]
prerelease-mode = "allow"

[[package]]
name = "certifi"
version = "2025.6.15"
source = { registry = "https://pypi.org/simple" }
sdist = { url = "https://files.pythonhosted.org/packages/73/f7/f14b46d4bcd21092d7d3ccef689615220d8a08fb25e564b65d20738e672e/certifi-2025.6.15.tar.gz", hash = "sha256:d747aa5a8b9bbbb1bb8c22bb13e22bd1f18e9796defa16bab421f7f7a317323b", size = 158753 }
wheels = [
    { url = "https://files.pythonhosted.org/packages/84/ae/320161bd181fc06471eed047ecce67b693fd7515b16d495d8932db763426/certifi-2025.6.15-py3-none-any.whl", hash = "sha256:2e0c7ce7cb5d8f8634ca55d2ba7e6ec2689a2fd6537d8dec1296a477a4910057", size = 157650 },
]

[[package]]
name = "click"
version = "8.2.1"
source = { registry = "https://pypi.org/simple" }
dependencies = [
    { name = "colorama", marker = "sys_platform == 'win32'" },
]
sdist = { url = "https://files.pythonhosted.org/packages/60/6c/8ca2efa64cf75a977a0d7fac081354553ebe483345c734fb6b6515d96bbc/click-8.2.1.tar.gz", hash = "sha256:27c491cc05d968d271d5a1db13e3b5a184636d9d930f148c50b038f0d0646202", size = 286342 }
wheels = [
    { url = "https://files.pythonhosted.org/packages/85/32/10bb5764d90a8eee674e9dc6f4db6a0ab47c8c4d0d83c27f7c39ac415a4d/click-8.2.1-py3-none-any.whl", hash = "sha256:61a3265b914e850b85317d0b3109c7f8cd35a670f963866005d6ef1d5175a12b", size = 102215 },
]

[[package]]
name = "colorama"
version = "0.4.6"
source = { registry = "https://pypi.org/simple" }
sdist = { url = "https://files.pythonhosted.org/packages/d8/53/6f443c9a4a8358a93a6792e2acffb9d9d5cb0a5cfd8802644b7b1c9a02e4/colorama-0.4.6.tar.gz", hash = "sha256:08695f5cb7ed6e0531a20572697297273c47b8cae5a63ffc6d6ed5c201be6e44", size = 27697 }
wheels = [
    { url = "https://files.pythonhosted.org/packages/d1/d6/3965ed04c63042e047cb6a3e6ed1a63a35087b6a609aa3a15ed8ac56c221/colorama-0.4.6-py2.py3-none-any.whl", hash = "sha256:4f1d9991f5acc0ca119f9d443620b77f9d6b33703e51011c16baf57afb285fc6", size = 25335 },
]

[[package]]
name = "emmett"
version = "2.7.1"
source = { registry = "https://pypi.org/simple" }
dependencies = [
    { name = "click" },
    { name = "emmett-core", extra = ["granian", "rapidjson"] },
    { name = "emmett-pydal" },
    { name = "pendulum" },
    { name = "pyyaml" },
    { name = "renoir" },
    { name = "severus" },
]
sdist = { url = "https://files.pythonhosted.org/packages/cf/a9/26a44311262ea8a3c401d88b85f886af1572b8292fcc17372cec1e4a4031/emmett-2.7.1.tar.gz", hash = "sha256:886d3fa28c9c6c30404635d78fedff7a1f40a479e84adc9f09848b55ea2c4b1a", size = 363051 }
wheels = [
    { url = "https://files.pythonhosted.org/packages/96/de/3ef6cae8cf9622f91ddffd3b7e829cda748f369cb55a4f0dbadf1dcec0db/emmett-2.7.1-py3-none-any.whl", hash = "sha256:0b5f4f7f118e13bccaa19c880584c15533f49b42de935d08956cca904f37225d", size = 265314 },
]

[package.optional-dependencies]
uvloop = [
    { name = "uvloop", marker = "platform_python_implementation == 'CPython' and sys_platform != 'win32'" },
]

[[package]]
name = "emmett-core"
version = "1.3.3"
source = { registry = "https://pypi.org/simple" }
sdist = { url = "https://files.pythonhosted.org/packages/2d/b3/1eb3e068c98fe4e8f1f7ebb562853bf804c6d062dca33362d930eea2e0fc/emmett_core-1.3.3.tar.gz", hash = "sha256:d987c33758683f8d6439f614c4d5d5e1f0fa0791fb59f3ae0e5eb75136f3b640", size = 79790 }
wheels = [
    { url = "https://files.pythonhosted.org/packages/44/39/a05b62f3ac0f2cba846b44f7f0f0f3f151478ce0b749cb81ba45050e2b81/emmett_core-1.3.3-cp310-cp310-macosx_10_12_x86_64.whl", hash = "sha256:4c62f5f17cd4563c0535e4b18626125bfffc449fabcd32f897cf39b8edbae04d", size = 982893 },
    { url = "https://files.pythonhosted.org/packages/8a/0f/3c7842b3985c2c06499f57df5c02e1d06f4de187050f78c50d147620ff2b/emmett_core-1.3.3-cp310-cp310-macosx_11_0_arm64.whl", hash = "sha256:5e11ab7c485fdcb137c9358650cab26fc6f89b118acea559a242621e6f435478", size = 895918 },
    { url = "https://files.pythonhosted.org/packages/9a/30/26b205bf8807b285c3cf32d18c20419d3eb3d411e41d6180fb05e168fc6a/emmett_core-1.3.3-cp310-cp310-manylinux_2_17_armv7l.manylinux2014_armv7l.whl", hash = "sha256:9f8ddec4ebaed3ada63cb2efc10966577d1f1a8d1f12f5b8af575bcb144fee1e", size = 943134 },
    { url = "https://files.pythonhosted.org/packages/fe/eb/0930bde40b30c4c4e403af259c1d81e2789ff061738b813e5c766352fa11/emmett_core-1.3.3-cp310-cp310-manylinux_2_17_x86_64.manylinux2014_x86_64.whl", hash = "sha256:3e40336472f044a424ce0997866f3f07467ac1435cf41af361eaf3fd52771aac", size = 1022744 },
    { url = "https://files.pythonhosted.org/packages/ad/0e/c71b148f7f9f5ffffb87fe1d09e829b3a12c164eb09c47eb56b17089bca9/emmett_core-1.3.3-cp310-cp310-manylinux_2_28_aarch64.whl", hash = "sha256:223e9ee30d01a5829060239056d6d1ebb23863a5256a482e42cb1911cafb6add", size = 932250 },
    { url = "https://files.pythonhosted.org/packages/a2/e5/02cf5f44789e65c21a7424628bc918f1ff58a7d01acc15e2390808ba88e3/emmett_core-1.3.3-cp310-cp310-manylinux_2_5_i686.manylinux1_i686.whl", hash = "sha256:984267b03e7f081ee14024802827c3c581c551ec3630e597b693efa2f6dcdefa", size = 995651 },
    { url = "https://files.pythonhosted.org/packages/28/f4/28ed56d076a99512ffcfd14ad0504a300f95286777ad4d15cdcfc60ea404/emmett_core-1.3.3-cp310-cp310-musllinux_1_1_aarch64.whl", hash = "sha256:388dff2b173f360bb10c50c9494892263491a67f845c829697f1e0dc383c7130", size = 1110061 },
    { url = "https://files.pythonhosted.org/packages/a6/3c/facd9d7436bcbacd0ef0e2cb0f926a75705f529fd407c5a4fd0e6a7f835d/emmett_core-1.3.3-cp310-cp310-musllinux_1_1_armv7l.whl", hash = "sha256:bbec0b8e7708b4c91db9b0343026c2ea6af7512dba81c8108f87e28d4ab9b76d", size = 1206107 },
    { url = "https://files.pythonhosted.org/packages/e1/e8/3f8dd2bcfc6d81667a4ceaa99120fab9a27576bf72fa9d1fe5589c2a488b/emmett_core-1.3.3-cp310-cp310-musllinux_1_1_x86_64.whl", hash = "sha256:9abc78ea95300a4a09db3ac5fbe98a88792758a7a96fa557bac42dc843eb3432", size = 1186304 },
    { url = "https://files.pythonhosted.org/packages/cf/88/b027dc77b9dad3c2eb76aaaff719e5e5acb83b8809ff609855978c8aecfb/emmett_core-1.3.3-cp310-cp310-win_amd64.whl", hash = "sha256:34a08a1b456b886fd1db30e404c0198b6592072a9aa3da840c739fd91c457c3f", size = 910055 },
    { url = "https://files.pythonhosted.org/packages/b4/70/ee3ae4ff0d67921d404ea68ce073129b23c08ae0b86bae48d17461e7b68d/emmett_core-1.3.3-pp310-pypy310_pp73-macosx_10_12_x86_64.whl", hash = "sha256:fe9e469ee6bc4b815cf23be4d50ae39e07ade2370b147aec60e1844ecea25c54", size = 960632 },
    { url = "https://files.pythonhosted.org/packages/b3/d8/a4f19103cdfdd9d9975a63a6cac8857eeb7da131d93f4d19a4131183271d/emmett_core-1.3.3-pp310-pypy310_pp73-macosx_11_0_arm64.whl", hash = "sha256:7023cb249f830e03b80d83850fe10ca07d4b4c77271373f75fcfba1a6cd42fbe", size = 874253 },
    { url = "https://files.pythonhosted.org/packages/87/22/c0f6e34d959e70629f94a56a96e374ade4a224b33b3533529163b32ea3e7/emmett_core-1.3.3-pp310-pypy310_pp73-manylinux_2_17_x86_64.manylinux2014_x86_64.whl", hash = "sha256:2bd1085e26cbce7abde4fc8fd0bc515247e8d9c337738c19c5dddd650a1f3aec", size = 1015593 },
    { url = "https://files.pythonhosted.org/packages/c0/5f/e134c71516da5ca0ccb629e534e2646c5531d6fef6314f7047869a25c8db/emmett_core-1.3.3-pp310-pypy310_pp73-manylinux_2_28_aarch64.whl", hash = "sha256:17f49c333c55f2f9090387c4325d3f9418a54c84cad2582c844af70221e98d9a", size = 932401 },
    { url = "https://files.pythonhosted.org/packages/05/68/0251817b9f8028fc042e8e1e3b790e266a2d12e74db7c6bdb3aecb22ad67/emmett_core-1.3.3-pp310-pypy310_pp73-musllinux_1_1_aarch64.whl", hash = "sha256:ba9abcda52519455875fecfa6fa08591aeea0cd6d7fc2277ceed696c06299bdc", size = 1110156 },
    { url = "https://files.pythonhosted.org/packages/8a/5d/2ca508660e69094f527b67e1d365baff26111a1d5235ca8669e2a2e5535f/emmett_core-1.3.3-pp310-pypy310_pp73-musllinux_1_1_armv7l.whl", hash = "sha256:31dc68cdbe58a2365ead7d9baf56e59c30683cd9f22c688bd2338f31d1d277b0", size = 1206488 },
    { url = "https://files.pythonhosted.org/packages/ef/6c/8b81ddda9cb06c6d7934648bf563b2d388961a44bf7815e60a250bdeb3f3/emmett_core-1.3.3-pp310-pypy310_pp73-musllinux_1_1_x86_64.whl", hash = "sha256:42f12718383e5f8eb8bc906300b31ea80ae4160f67dac9afbb30c9b1e870909b", size = 1186165 },
    { url = "https://files.pythonhosted.org/packages/9c/5a/c8fb3f52a23bab35115825ce7131817d60d2b2daafcf3998b9f72c135289/emmett_core-1.3.3-pp310-pypy310_pp73-win_amd64.whl", hash = "sha256:77a23c71e74fe7eea3057cf98d3226eff88b3aa5caf767cb8b7a4e065605b61f", size = 887043 },
]

[package.optional-dependencies]
granian = [
    { name = "granian" },
]
rapidjson = [
    { name = "python-rapidjson" },
]

[[package]]
name = "emmett-haml"
version = "1.0.0"
source = { registry = "https://pypi.org/simple" }
dependencies = [
    { name = "emmett" },
    { name = "renoir-haml" },
]
sdist = { url = "https://files.pythonhosted.org/packages/18/c5/1337ad5ea538749fcac520f03a668ffeaa947e5235e6800f04c8610337c5/Emmett-HAML-1.0.0.tar.gz", hash = "sha256:732e6d6c4838157aad606c621bc68d2dc8816ceb2e51e81826b1385cee4ad760", size = 3129 }
wheels = [
    { url = "https://files.pythonhosted.org/packages/c6/b7/b769447017c1ecd7395ae2951d6dd1941c7bc8089a1cdb15d66ffc7ea759/Emmett_HAML-1.0.0-py3-none-any.whl", hash = "sha256:0729dcf65848d35dd3c2e8d9b34df989e466c1276add7a3e7549336153365e4a", size = 4403 },
]

[[package]]
name = "emmett-pydal"
version = "17.3.2"
source = { registry = "https://pypi.org/simple" }
sdist = { url = "https://files.pythonhosted.org/packages/0f/dc/15b0f7a61e166faab537b134df9d26c53176c65bd5ed53ae137e29868b2b/emmett_pydal-17.3.2.tar.gz", hash = "sha256:f0c04f4fb9926bc248e931a9f1d07c15054edd331998370b2401f4e69fc88972", size = 174539 }
wheels = [
    { url = "https://files.pythonhosted.org/packages/aa/c5/d05fa4f1b28d2e014c752408d9f71be2da36aec3c0465e8ff3c4dd474411/emmett_pydal-17.3.2-py3-none-any.whl", hash = "sha256:da70ba62295f3b553bbd3030e420d658e1b3405d53dd342f9612a4419be5596a", size = 170630 },
]

[[package]]
name = "emmett-sentry"
version = "0.8.2"
source = { registry = "https://pypi.org/simple" }
dependencies = [
    { name = "emmett-core" },
    { name = "sentry-sdk" },
]
sdist = { url = "https://files.pythonhosted.org/packages/ce/d5/f1df3d68c087f3c1917b016747449b1d04cb8d36eef2cdf45a4b329972ac/emmett_sentry-0.8.2.tar.gz", hash = "sha256:8886a683923623b600d2567aafcaaa3de84de00f9d250c972094f232f3ca01dc", size = 7319 }
wheels = [
    { url = "https://files.pythonhosted.org/packages/27/a9/4cd855065522ff178c22b92a971d321ca9063a1ddb360d8dd15adb919d3b/emmett_sentry-0.8.2-py3-none-any.whl", hash = "sha256:4986feb00d30b9da1fd2c33263ea0d7ff1037c93d7ebdd3f2b91ce2909517100", size = 8684 },
]

[[package]]
name = "emmett-website"
version = "0.1.0"
source = { virtual = "." }
dependencies = [
    { name = "emmett", extra = ["uvloop"] },
    { name = "emmett-haml" },
    { name = "emmett-sentry" },
    { name = "markdown2" },
    { name = "pygments" },
]

[package.metadata]
requires-dist = [
    { name = "emmett", extras = ["uvloop"], specifier = "~=2.7.0" },
    { name = "emmett-haml", specifier = "~=1.0" },
    { name = "emmett-sentry", specifier = "~=0.8.2" },
    { name = "markdown2", specifier = "~=2.3.8" },
    { name = "pygments", specifier = "~=2.6.1" },
]

[[package]]
name = "granian"
version = "2.3.4"
source = { registry = "https://pypi.org/simple" }
dependencies = [
    { name = "click" },
]
sdist = { url = "https://files.pythonhosted.org/packages/f6/83/3c58fbccda2c70c19a09c26c5559314ac71f258e42d9e57cb88e7e36afa5/granian-2.3.4.tar.gz", hash = "sha256:ed04cb7f9befb1bcb8f97b7fee6d19eb4375346eeddd43c77193c35e9cf66b9a", size = 101156 }
wheels = [
    { url = "https://files.pythonhosted.org/packages/d2/3f/519fd0fd7d1251943ade3b2073b52a6b7ef0c94efa75d8357e723f2c910f/granian-2.3.4-cp310-cp310-macosx_10_12_x86_64.whl", hash = "sha256:f8f8817bffe4d5ae6e1b4b3be87dcabefe7418b85e8d9745ce260a9273e5aa15", size = 3045078 },
    { url = "https://files.pythonhosted.org/packages/34/77/5fa4c6dbe8b8457723ff9c2b4761df957ef832a088b59069fec2fdafa3ce/granian-2.3.4-cp310-cp310-macosx_11_0_arm64.whl", hash = "sha256:edc2747b0114e461020d68e26a86db42f1e387432f5d0f6842d29bc4342f7a24", size = 2727482 },
    { url = "https://files.pythonhosted.org/packages/50/71/0a0db8b1db5969051a0996150fcd9b712d85f274b57e8a34578cf130db8c/granian-2.3.4-cp310-cp310-manylinux_2_17_armv7l.manylinux2014_armv7l.whl", hash = "sha256:da26987cd231ebd6d67af76ce04d399ff65f571480e642798663f0a49780e415", size = 3351078 },
    { url = "https://files.pythonhosted.org/packages/f6/06/f7f1eae73917147e89bc73cbf26d84fa01c57ebb62f90654070a0b353f4a/granian-2.3.4-cp310-cp310-manylinux_2_17_i686.manylinux2014_i686.whl", hash = "sha256:1972f7c24ac7aefafac2ed7fada54834aa8fa23448b104cfecee05178d4e880c", size = 3005953 },
    { url = "https://files.pythonhosted.org/packages/c7/17/84e1ffd0a072fcdbcaf358d47d2aff927814de926cd944c7958018df7b04/granian-2.3.4-cp310-cp310-manylinux_2_17_x86_64.manylinux2014_x86_64.whl", hash = "sha256:d4e645d90d2c641df8be36f697f4df3c6be62711a95499a82751ab350469f12a", size = 3236271 },
    { url = "https://files.pythonhosted.org/packages/30/e8/370be9b745163157a4380b92f7900161b6222ae8273aaea6aa52d7fb1b26/granian-2.3.4-cp310-cp310-manylinux_2_28_aarch64.whl", hash = "sha256:264f315b5ac4310ec4750a221ca7c418bde442e43f6d0689185cefc9ec1c40e9", size = 3141399 },
    { url = "https://files.pythonhosted.org/packages/76/b4/1bcaaf8782662e91706eef4824f99c22cd323088934dcc4b46773a6a1091/granian-2.3.4-cp310-cp310-musllinux_1_1_aarch64.whl", hash = "sha256:f08064baeb55678840749d42753fab1a450442d56bd17a71e57c9228b8127435", size = 3164001 },
    { url = "https://files.pythonhosted.org/packages/76/99/fa9263637b9ca21657803d3fdb8ca386a9118e9d8f909c30fb286a22a5d3/granian-2.3.4-cp310-cp310-musllinux_1_1_armv7l.whl", hash = "sha256:ee5db8b73f09b9bac03e2cdd1a962e3ea588ee3b2ac22a991fdf9cb2aae319cb", size = 3496758 },
    { url = "https://files.pythonhosted.org/packages/9b/c9/88797dfd73e8d8c754c4bd2f5424942510e74e6ec43b3244cb105f311f11/granian-2.3.4-cp310-cp310-musllinux_1_1_x86_64.whl", hash = "sha256:02123fe5b8615c465821b8dd1cf23b995d539ac3fee02c8423223b580c3531af", size = 3277463 },
    { url = "https://files.pythonhosted.org/packages/a2/ca/0db7508c546a330acf78e658d5e16a73e32f8551541835d2dcbdef44ac4e/granian-2.3.4-cp310-cp310-win_amd64.whl", hash = "sha256:5bef52a7b13654d38346fc09d368895d2c033438b38585d52786509480142d8c", size = 2786684 },
    { url = "https://files.pythonhosted.org/packages/06/65/3fab9d8f86d2587f20b3a71b38cdbdd42d1603969ce9ff9089fa494a2bcb/granian-2.3.4-pp310-pypy310_pp73-macosx_10_12_x86_64.whl", hash = "sha256:415a19c95565cd5b2e8f640053a2bcdaaa892c413f862255d49255bec861659e", size = 3044347 },
    { url = "https://files.pythonhosted.org/packages/62/57/6c2101e395ca0917cfc534ce5bcdaaeeee5ecc67588e7beeaa35b05875ef/granian-2.3.4-pp310-pypy310_pp73-macosx_11_0_arm64.whl", hash = "sha256:79f9310a6476280c5da451f4c63378376d0aed3278608f3266bdb02dc6227c68", size = 2732741 },
    { url = "https://files.pythonhosted.org/packages/28/14/ee520c71f2829a3bb562f9bd3c018be4e1089068b068f0f15efb91c2708a/granian-2.3.4-pp310-pypy310_pp73-manylinux_2_17_x86_64.manylinux2014_x86_64.whl", hash = "sha256:f710698771b9b773350e5e67e9c7bfd2dcc2a6c3c849cd157bf794cabbdae76e", size = 3235981 },
    { url = "https://files.pythonhosted.org/packages/d3/19/3dd486e6882b50c4830c389a188bd274721faf720330e3e2e6fe1dd0e5de/granian-2.3.4-pp310-pypy310_pp73-manylinux_2_28_aarch64.whl", hash = "sha256:ed6faf7fc90d0314a0e0c199a9834a18dc69462f2de294dee99b0724263df165", size = 3139484 },
    { url = "https://files.pythonhosted.org/packages/a2/99/9877a7ded2aeb014cedab2bf1fd0f33a26533bb65802dc8fabf3834e3ee2/granian-2.3.4-pp310-pypy310_pp73-musllinux_1_1_aarch64.whl", hash = "sha256:4d5222a708a0beeea12a3620efdfb6c31975471916b463d9f48aade356bfe1cf", size = 3162698 },
    { url = "https://files.pythonhosted.org/packages/90/2f/415fbe9102eda0fb9c4e25babdc62bccf4a47d9a3c4f9d75b4aa4000ffc4/granian-2.3.4-pp310-pypy310_pp73-musllinux_1_1_armv7l.whl", hash = "sha256:15f915f9d8b64721cbeacb2081101c5bcf33b57b4fe121e5517e0d0317f09335", size = 3512410 },
    { url = "https://files.pythonhosted.org/packages/56/36/9d5666a57b2dd252c861e5d444c8b653b38e4dd42caadc5da738cf79e240/granian-2.3.4-pp310-pypy310_pp73-musllinux_1_1_x86_64.whl", hash = "sha256:e371c43136f16083594ee414fbb95fb437abd835d40c594e5c14a755945ce273", size = 3275806 },
    { url = "https://files.pythonhosted.org/packages/b8/2b/8d2eb36adbeea19ec41dd709a873edb5d2648ab2ead0ef268d3434ed3035/granian-2.3.4-pp310-pypy310_pp73-win_amd64.whl", hash = "sha256:9e95d31f48132b1ed267203291bfd523106838508d49fedafdc9ba303c80e775", size = 2787879 },
]

[[package]]
name = "markdown2"
version = "2.3.10"
source = { registry = "https://pypi.org/simple" }
sdist = { url = "https://files.pythonhosted.org/packages/f5/d0/404331c3c19a716f951ef4e32f53d43bcc8d07fc6a8210f245cecf4fab77/markdown2-2.3.10.tar.gz", hash = "sha256:85956d8119fa6378156fef65545d66705a842819d2e1b50379a2b9d2aaa17cf0", size = 102543 }
wheels = [
    { url = "https://files.pythonhosted.org/packages/a2/d2/6e6ab0d9387c332bf1de205522a8386b48e2dddf332ba6ad71b2ec371110/markdown2-2.3.10-py2.py3-none-any.whl", hash = "sha256:fef148e5fd68d4532286c3e2943e9d2c076a8ad781b0a70a9d599a0ffe91652d", size = 34599 },
]

[[package]]
name = "pendulum"
version = "3.1.0"
source = { registry = "https://pypi.org/simple" }
dependencies = [
    { name = "python-dateutil" },
    { name = "tzdata" },
]
sdist = { url = "https://files.pythonhosted.org/packages/23/7c/009c12b86c7cc6c403aec80f8a4308598dfc5995e5c523a5491faaa3952e/pendulum-3.1.0.tar.gz", hash = "sha256:66f96303560f41d097bee7d2dc98ffca716fbb3a832c4b3062034c2d45865015", size = 85930 }
wheels = [
    { url = "https://files.pythonhosted.org/packages/b4/d8/398cd27903a6899d0ae47b896d88e0b15849fc334931a6732e7ce3be9a45/pendulum-3.1.0-cp310-cp310-macosx_10_12_x86_64.whl", hash = "sha256:aa545a59e6517cf43597455a6fb44daa4a6e08473d67a7ad34e4fa951efb9620", size = 338637 },
    { url = "https://files.pythonhosted.org/packages/aa/9d/a125554919c6db14e189393254c7781ee98ed5a121b6c05652d353b03c12/pendulum-3.1.0-cp310-cp310-macosx_11_0_arm64.whl", hash = "sha256:299df2da6c490ede86bb8d58c65e33d7a2a42479d21475a54b467b03ccb88531", size = 326003 },
    { url = "https://files.pythonhosted.org/packages/53/9f/43a5a902f904e06252c259c2f6cf2dceafbb25aef158df08f79c0089dfd7/pendulum-3.1.0-cp310-cp310-manylinux_2_17_aarch64.manylinux2014_aarch64.whl", hash = "sha256:dbaa66e3ab179a2746eec67462f852a5d555bd709c25030aef38477468dd008e", size = 344335 },
    { url = "https://files.pythonhosted.org/packages/ca/24/00fcd6abd1f7623d2bbcca048b45f01aa8bb6b647e0477c3a8ea6094335c/pendulum-3.1.0-cp310-cp310-manylinux_2_17_ppc64le.manylinux2014_ppc64le.whl", hash = "sha256:c3907ab3744c32e339c358d88ec80cd35fa2d4b25c77a3c67e6b39e99b7090c5", size = 382169 },
    { url = "https://files.pythonhosted.org/packages/32/bc/20a87f24c26c6c4daf3c69311208b28130b4d19c006da16efc0e55715963/pendulum-3.1.0-cp310-cp310-manylinux_2_17_s390x.manylinux2014_s390x.whl", hash = "sha256:8244958c5bc4ed1c47ee84b098ddd95287a3fc59e569ca6e2b664c6396138ec4", size = 436675 },
    { url = "https://files.pythonhosted.org/packages/1d/eb/3b1818a796408a250b8e6cfaa5372b991c0cbec768e02e0f9a226755383d/pendulum-3.1.0-cp310-cp310-manylinux_2_17_x86_64.manylinux2014_x86_64.whl", hash = "sha256:ca5722b3993b85ff7dfced48d86b318f863c359877b6badf1a3601e35199ef8f", size = 353728 },
    { url = "https://files.pythonhosted.org/packages/36/23/755ef61f863b2777925171a59509540205b561a9e07ee7de0b5be9226bea/pendulum-3.1.0-cp310-cp310-musllinux_1_1_aarch64.whl", hash = "sha256:5b77a3dc010eea1a4916ef3771163d808bfc3e02b894c37df311287f18e5b764", size = 524465 },
    { url = "https://files.pythonhosted.org/packages/07/1f/a3e5f08890d13d93eee725778bfeaa233db5c55463e526857dffbc1a47e4/pendulum-3.1.0-cp310-cp310-musllinux_1_1_x86_64.whl", hash = "sha256:2d6e1eff4a15fdb8fb3867c5469e691c2465eef002a6a541c47b48a390ff4cf4", size = 525690 },
    { url = "https://files.pythonhosted.org/packages/43/c5/bf8ce472b81e8f5f074e8ba39899d288acce417c2c4a9ec7486d56970e28/pendulum-3.1.0-cp310-cp310-win_amd64.whl", hash = "sha256:73de43ec85b46ac75db848c8e2f3f5d086e90b11cd9c7f029e14c8d748d920e2", size = 260356 },
    { url = "https://files.pythonhosted.org/packages/66/10/3258c084653606d2be2c7168998eda4a57cf1559cecb43cf1100000fda5f/pendulum-3.1.0-pp310-pypy310_pp73-macosx_10_12_x86_64.whl", hash = "sha256:d2cac744940299d8da41a3ed941aa1e02b5abbc9ae2c525f3aa2ae30c28a86b5", size = 339442 },
    { url = "https://files.pythonhosted.org/packages/98/d5/98a1a10cd1cfb3390fbf070864e9a10de8e70a9d4509832132f4d900d655/pendulum-3.1.0-pp310-pypy310_pp73-macosx_11_0_arm64.whl", hash = "sha256:ffb39c3f3906a9c9a108fa98e5556f18b52d2c6451984bbfe2f14436ec4fc9d4", size = 326609 },
    { url = "https://files.pythonhosted.org/packages/0a/2e/448abdebc11b9c54e190d273cb084162643199fc184cb1bb6bff7900e67f/pendulum-3.1.0-pp310-pypy310_pp73-manylinux_2_17_aarch64.manylinux2014_aarch64.whl", hash = "sha256:ebe18b1c2eb364064cc4a68a65900f1465cac47d0891dab82341766bcc05b40c", size = 344777 },
    { url = "https://files.pythonhosted.org/packages/ed/91/ee857bbd51168bf08b89c3a4705c920725eee0f830ccc513b8370f6ce71d/pendulum-3.1.0-pp310-pypy310_pp73-manylinux_2_17_x86_64.manylinux2014_x86_64.whl", hash = "sha256:a9e9b28a35cec9fcd90f224b4878456129a057dbd694fc8266a9393834804995", size = 354404 },
    { url = "https://files.pythonhosted.org/packages/bc/d4/e63a57df65e2b2d10f3aa917a4069be9abf5ac7d56d11336e0510742d8a6/pendulum-3.1.0-pp310-pypy310_pp73-musllinux_1_1_aarch64.whl", hash = "sha256:a3be19b73a9c6a866724419295482f817727e635ccc82f07ae6f818943a1ee96", size = 524948 },
    { url = "https://files.pythonhosted.org/packages/93/87/04e74600c5a5674e5f341b8888b530a9de9b84b31889f80fac3bee3e9e87/pendulum-3.1.0-pp310-pypy310_pp73-musllinux_1_1_x86_64.whl", hash = "sha256:24a53b523819bda4c70245687a589b5ea88711f7caac4be5f276d843fe63076b", size = 526340 },
    { url = "https://files.pythonhosted.org/packages/48/27/d3577a5f6f7d1fbf1138d87ce21ebab363c78642513b991d1c424d658d09/pendulum-3.1.0-pp310-pypy310_pp73-win_amd64.whl", hash = "sha256:bd701789414fbd0be3c75f46803f31e91140c23821e4bcb0fa2bddcdd051c425", size = 261089 },
    { url = "https://files.pythonhosted.org/packages/6e/23/e98758924d1b3aac11a626268eabf7f3cf177e7837c28d47bf84c64532d0/pendulum-3.1.0-py3-none-any.whl", hash = "sha256:f9178c2a8e291758ade1e8dd6371b1d26d08371b4c7730a6e9a3ef8b16ebae0f", size = 111799 },
]

[[package]]
name = "pygments"
version = "2.6.1"
source = { registry = "https://pypi.org/simple" }
sdist = { url = "https://files.pythonhosted.org/packages/6e/4d/4d2fe93a35dfba417311a4ff627489a947b01dc0cc377a3673c00cf7e4b2/Pygments-2.6.1.tar.gz", hash = "sha256:647344a061c249a3b74e230c739f434d7ea4d8b1d5f3721bc0f3558049b38f44", size = 3303050 }
wheels = [
    { url = "https://files.pythonhosted.org/packages/2d/68/106af3ae51daf807e9cdcba6a90e518954eb8b70341cee52995540a53ead/Pygments-2.6.1-py3-none-any.whl", hash = "sha256:ff7a40b4860b727ab48fad6360eb351cc1b33cbf9b15a0f689ca5353e9463324", size = 914382 },
]

[[package]]
name = "python-dateutil"
version = "2.9.0.post0"
source = { registry = "https://pypi.org/simple" }
dependencies = [
    { name = "six" },
]
sdist = { url = "https://files.pythonhosted.org/packages/66/c0/0c8b6ad9f17a802ee498c46e004a0eb49bc148f2fd230864601a86dcf6db/python-dateutil-2.9.0.post0.tar.gz", hash = "sha256:37dd54208da7e1cd875388217d5e00ebd4179249f90fb72437e91a35459a0ad3", size = 342432 }
wheels = [
    { url = "https://files.pythonhosted.org/packages/ec/57/56b9bcc3c9c6a792fcbaf139543cee77261f3651ca9da0c93f5c1221264b/python_dateutil-2.9.0.post0-py2.py3-none-any.whl", hash = "sha256:a8b2bc7bffae282281c8140a97d3aa9c14da0b136dfe83f850eea9a5f7470427", size = 229892 },
]

[[package]]
name = "python-rapidjson"
version = "1.20"
source = { registry = "https://pypi.org/simple" }
sdist = { url = "https://files.pythonhosted.org/packages/47/2a/2510836a65a1fc40c923393611896c3c8ad1e2f583ed0c32cf0bb48cc378/python_rapidjson-1.20.tar.gz", hash = "sha256:115f08c86d2df7543c02605e77c84727cdabc4b08310d2f097e953efeaaa73eb", size = 238158 }
wheels = [
    { url = "https://files.pythonhosted.org/packages/39/49/ed3857c5c601fab923e88637efbb68e4d9951bcf5bf2029bb9526cfb3638/python_rapidjson-1.20-cp310-cp310-macosx_10_9_x86_64.whl", hash = "sha256:eeaa8487fdd8db409bd2e0c41c59cee3b9f1d08401fc75520f7d35c7a22d8789", size = 229180 },
    { url = "https://files.pythonhosted.org/packages/09/02/fd5dbd50326986fb9151b26ffe3dcf3ad640aa2a4cf084761c2069f3cfe7/python_rapidjson-1.20-cp310-cp310-macosx_11_0_arm64.whl", hash = "sha256:425c2bb8e778a04497953482c251944b2736f61012d897f17b73da3eca060c27", size = 210275 },
    { url = "https://files.pythonhosted.org/packages/4f/5f/0595279e8111f231727e849513c3ce09623facabe1ef0f6ac0fde8e6eb2d/python_rapidjson-1.20-cp310-cp310-manylinux_2_17_aarch64.manylinux2014_aarch64.whl", hash = "sha256:4f7cbbff9696ea01dd8a29502cb314471c9a5d4239f2f3b7e35b6adbde2cc620", size = 1621065 },
    { url = "https://files.pythonhosted.org/packages/91/ed/4a4fa97dde61f6e98d0113754a11c0bb605c776d6e01dc6147fc34100c2c/python_rapidjson-1.20-cp310-cp310-manylinux_2_17_ppc64le.manylinux2014_ppc64le.whl", hash = "sha256:83a48f96d0abb8349a4d42f029259b755d8c6fd347f5de2d640e164c3f45e63b", size = 1666374 },
    { url = "https://files.pythonhosted.org/packages/f7/e4/b2d1dff12eae71c35e59d1379727697fd7a543d1ac027071f3cd486b8a1f/python_rapidjson-1.20-cp310-cp310-manylinux_2_17_x86_64.manylinux2014_x86_64.whl", hash = "sha256:6cb3ad353ec083a6dcf0552f1fce3c490f92e2fccf9a81eac42835297a8431a1", size = 1657318 },
    { url = "https://files.pythonhosted.org/packages/22/c4/a1a7e466b54f5f94efdf96a192f63fb6ef932e66ea1046df74a2547b78f7/python_rapidjson-1.20-cp310-cp310-manylinux_2_5_i686.manylinux1_i686.manylinux_2_17_i686.manylinux2014_i686.whl", hash = "sha256:7f7b6574887d8828f34eb3384092d6e6c290e8fbb12703c409dbdde814612657", size = 1563555 },
    { url = "https://files.pythonhosted.org/packages/d8/c0/3b04706555b130470496c7e60a93b2ce97a1b89fd5161d6e929adde0dfb6/python_rapidjson-1.20-cp310-cp310-musllinux_1_2_aarch64.whl", hash = "sha256:403e4986484f01f79fdce00b48c12a1b39d16e822cd37c60843ab26455ab0680", size = 2425266 },
    { url = "https://files.pythonhosted.org/packages/bd/4c/b3c85a3413a2df7cd4d9aa6fe51527a08c00bf8bc68b960d8e5765a2ad6a/python_rapidjson-1.20-cp310-cp310-musllinux_1_2_i686.whl", hash = "sha256:e3f89a58d7709d5879586e9dbfd11be76a799e8fbdbb5eddaffaeba9b572fba3", size = 2560749 },
    { url = "https://files.pythonhosted.org/packages/82/5b/ae31430f8725ce8a1ed8113eb7daf5d0943c159a87d0bc5b87064c35031b/python_rapidjson-1.20-cp310-cp310-musllinux_1_2_ppc64le.whl", hash = "sha256:b0d07d4f0ebbb2228d5140463f11ac519147b9d791f7e40b3edf518a806be3cc", size = 2568565 },
    { url = "https://files.pythonhosted.org/packages/63/0d/a7be7b2acf656ebfbb683d7f7e71bda793ca82d2d76fb1052cafc854eef8/python_rapidjson-1.20-cp310-cp310-musllinux_1_2_x86_64.whl", hash = "sha256:a5fb413414b92763a54d53b732df3c9de1b114012c8881a3d1215a19b9fca494", size = 2512111 },
    { url = "https://files.pythonhosted.org/packages/6b/a1/c48ed165d6e00f674fa40b9013ca4e0bf8865f637d7c6b6e9677bf98efe0/python_rapidjson-1.20-cp310-cp310-win32.whl", hash = "sha256:9831430f17101a6a249e07db9c42d26c3263e6009450722cce0c14726421f434", size = 127767 },
    { url = "https://files.pythonhosted.org/packages/64/46/f4a6b697c57bf2edb2dc9c08efbd9a93d38f1eb79f3bd7845de2f2c8bd60/python_rapidjson-1.20-cp310-cp310-win_amd64.whl", hash = "sha256:fbff5caf127c5bed4d6620f95a039dd9e293784d844af50782aaf278a743acb4", size = 149396 },
]

[[package]]
name = "pyyaml"
version = "6.0.2"
source = { registry = "https://pypi.org/simple" }
sdist = { url = "https://files.pythonhosted.org/packages/54/ed/79a089b6be93607fa5cdaedf301d7dfb23af5f25c398d5ead2525b063e17/pyyaml-6.0.2.tar.gz", hash = "sha256:d584d9ec91ad65861cc08d42e834324ef890a082e591037abe114850ff7bbc3e", size = 130631 }
wheels = [
    { url = "https://files.pythonhosted.org/packages/9b/95/a3fac87cb7158e231b5a6012e438c647e1a87f09f8e0d123acec8ab8bf71/PyYAML-6.0.2-cp310-cp310-macosx_10_9_x86_64.whl", hash = "sha256:0a9a2848a5b7feac301353437eb7d5957887edbf81d56e903999a75a3d743086", size = 184199 },
    { url = "https://files.pythonhosted.org/packages/c7/7a/68bd47624dab8fd4afbfd3c48e3b79efe09098ae941de5b58abcbadff5cb/PyYAML-6.0.2-cp310-cp310-macosx_11_0_arm64.whl", hash = "sha256:29717114e51c84ddfba879543fb232a6ed60086602313ca38cce623c1d62cfbf", size = 171758 },
    { url = "https://files.pythonhosted.org/packages/49/ee/14c54df452143b9ee9f0f29074d7ca5516a36edb0b4cc40c3f280131656f/PyYAML-6.0.2-cp310-cp310-manylinux_2_17_aarch64.manylinux2014_aarch64.whl", hash = "sha256:8824b5a04a04a047e72eea5cec3bc266db09e35de6bdfe34c9436ac5ee27d237", size = 718463 },
    { url = "https://files.pythonhosted.org/packages/4d/61/de363a97476e766574650d742205be468921a7b532aa2499fcd886b62530/PyYAML-6.0.2-cp310-cp310-manylinux_2_17_s390x.manylinux2014_s390x.whl", hash = "sha256:7c36280e6fb8385e520936c3cb3b8042851904eba0e58d277dca80a5cfed590b", size = 719280 },
    { url = "https://files.pythonhosted.org/packages/6b/4e/1523cb902fd98355e2e9ea5e5eb237cbc5f3ad5f3075fa65087aa0ecb669/PyYAML-6.0.2-cp310-cp310-manylinux_2_17_x86_64.manylinux2014_x86_64.whl", hash = "sha256:ec031d5d2feb36d1d1a24380e4db6d43695f3748343d99434e6f5f9156aaa2ed", size = 751239 },
    { url = "https://files.pythonhosted.org/packages/b7/33/5504b3a9a4464893c32f118a9cc045190a91637b119a9c881da1cf6b7a72/PyYAML-6.0.2-cp310-cp310-musllinux_1_1_aarch64.whl", hash = "sha256:936d68689298c36b53b29f23c6dbb74de12b4ac12ca6cfe0e047bedceea56180", size = 695802 },
    { url = "https://files.pythonhosted.org/packages/5c/20/8347dcabd41ef3a3cdc4f7b7a2aff3d06598c8779faa189cdbf878b626a4/PyYAML-6.0.2-cp310-cp310-musllinux_1_1_x86_64.whl", hash = "sha256:23502f431948090f597378482b4812b0caae32c22213aecf3b55325e049a6c68", size = 720527 },
    { url = "https://files.pythonhosted.org/packages/be/aa/5afe99233fb360d0ff37377145a949ae258aaab831bde4792b32650a4378/PyYAML-6.0.2-cp310-cp310-win32.whl", hash = "sha256:2e99c6826ffa974fe6e27cdb5ed0021786b03fc98e5ee3c5bfe1fd5015f42b99", size = 144052 },
    { url = "https://files.pythonhosted.org/packages/b5/84/0fa4b06f6d6c958d207620fc60005e241ecedceee58931bb20138e1e5776/PyYAML-6.0.2-cp310-cp310-win_amd64.whl", hash = "sha256:a4d3091415f010369ae4ed1fc6b79def9416358877534caf6a0fdd2146c87a3e", size = 161774 },
]

[[package]]
name = "renoir"
version = "1.8.0"
source = { registry = "https://pypi.org/simple" }
sdist = { url = "https://files.pythonhosted.org/packages/e1/66/c46107832f44508d178bb5c1ab18bb320cdc461d8e74c5d1406a8b600949/renoir-1.8.0.tar.gz", hash = "sha256:9ab3b361c45cd003b6d57f6328b4cd8397eb969f276465287d592bb4326e7fbc", size = 26278 }
wheels = [
    { url = "https://files.pythonhosted.org/packages/fb/89/a2bc0aee4a07f3e500b12b5b10205e436e82437ee329d1781460ea00ff49/renoir-1.8.0-py3-none-any.whl", hash = "sha256:f92a2368fe4ddd17ac2ad3df8f20cc1d80d30188d771639619facbeaf31fa5ee", size = 22690 },
]

[[package]]
name = "renoir-haml"
version = "1.0.0"
source = { registry = "https://pypi.org/simple" }
dependencies = [
    { name = "renoir" },
]
sdist = { url = "https://files.pythonhosted.org/packages/4e/88/beb32e7d7809aae9a20e1ea2148d048566aab59659f3406a1d7ac2873b16/Renoir-HAML-1.0.0.tar.gz", hash = "sha256:338a98e84fbea1c8c07a8ce9f941bf3c0a28ece003b9614b6929459185ec3ecd", size = 10395 }
wheels = [
    { url = "https://files.pythonhosted.org/packages/d5/d6/85921921424ff0bf6a72b8e1a33134d37e1d60d599067442de3d4d47ef59/Renoir_HAML-1.0.0-py3-none-any.whl", hash = "sha256:dacc329bbcecb8db8605ce6109fddffaf2cfb2b1279ca74ef396aa5d00169fd2", size = 12250 },
]

[[package]]
name = "sentry-sdk"
version = "2.31.0"
source = { registry = "https://pypi.org/simple" }
dependencies = [
    { name = "certifi" },
    { name = "urllib3" },
]
sdist = { url = "https://files.pythonhosted.org/packages/d0/45/c7ef7e12d8434fda8b61cdab432d8af64fb832480c93cdaf4bdcab7f5597/sentry_sdk-2.31.0.tar.gz", hash = "sha256:fed6d847f15105849cdf5dfdc64dcec356f936d41abb8c9d66adae45e60959ec", size = 334167 }
wheels = [
    { url = "https://files.pythonhosted.org/packages/7d/a2/9b6d8cc59f03251c583b3fec9d2f075dc09c0f6e030e0e0a3b223c6e64b2/sentry_sdk-2.31.0-py2.py3-none-any.whl", hash = "sha256:e953f5ab083e6599bab255b75d6829b33b3ddf9931a27ca00b4ab0081287e84f", size = 355638 },
]

[[package]]
name = "severus"
version = "1.4.1"
source = { registry = "https://pypi.org/simple" }
dependencies = [
    { name = "pyyaml" },
]
sdist = { url = "https://files.pythonhosted.org/packages/9f/72/72267a8aabb7fdb82d9596d37f23e402abd2213416b195ff3abadd88f815/severus-1.4.1.tar.gz", hash = "sha256:74df78758216c7fe603d30b341c3528b94e451c0cb94fd46ba9fa8da8f4d92ca", size = 10406 }
wheels = [
    { url = "https://files.pythonhosted.org/packages/bb/47/b341eb7784799265ea42222dd34ad64e018634d1ff5552337a417027c84b/severus-1.4.1-py3-none-any.whl", hash = "sha256:642974cb5b513ccc836abf8b7a0d93adffd59d0730ae3a3c7c1e4d8b62566587", size = 7487 },
]

[[package]]
name = "six"
version = "1.17.0"
source = { registry = "https://pypi.org/simple" }
sdist = { url = "https://files.pythonhosted.org/packages/94/e7/b2c673351809dca68a0e064b6af791aa332cf192da575fd474ed7d6f16a2/six-1.17.0.tar.gz", hash = "sha256:ff70335d468e7eb6ec65b95b99d3a2836546063f63acc5171de367e834932a81", size = 34031 }
wheels = [
    { url = "https://files.pythonhosted.org/packages/b7/ce/149a00dd41f10bc29e5921b496af8b574d8413afcd5e30dfa0ed46c2cc5e/six-1.17.0-py2.py3-none-any.whl", hash = "sha256:4721f391ed90541fddacab5acf947aa0d3dc7d27b2e1e8eda2be8970586c3274", size = 11050 },
]

[[package]]
name = "tzdata"
version = "2025.2"
source = { registry = "https://pypi.org/simple" }
sdist = { url = "https://files.pythonhosted.org/packages/95/32/1a225d6164441be760d75c2c42e2780dc0873fe382da3e98a2e1e48361e5/tzdata-2025.2.tar.gz", hash = "sha256:b60a638fcc0daffadf82fe0f57e53d06bdec2f36c4df66280ae79bce6bd6f2b9", size = 196380 }
wheels = [
    { url = "https://files.pythonhosted.org/packages/5c/23/c7abc0ca0a1526a0774eca151daeb8de62ec457e77262b66b359c3c7679e/tzdata-2025.2-py2.py3-none-any.whl", hash = "sha256:1a403fada01ff9221ca8044d701868fa132215d84beb92242d9acd2147f667a8", size = 347839 },
]

[[package]]
name = "urllib3"
version = "2.5.0"
source = { registry = "https://pypi.org/simple" }
sdist = { url = "https://files.pythonhosted.org/packages/15/22/9ee70a2574a4f4599c47dd506532914ce044817c7752a79b6a51286319bc/urllib3-2.5.0.tar.gz", hash = "sha256:3fc47733c7e419d4bc3f6b3dc2b4f890bb743906a30d56ba4a5bfa4bbff92760", size = 393185 }
wheels = [
    { url = "https://files.pythonhosted.org/packages/a7/c2/fe1e52489ae3122415c51f387e221dd0773709bad6c6cdaa599e8a2c5185/urllib3-2.5.0-py3-none-any.whl", hash = "sha256:e6b01673c0fa6a13e374b50871808eb3bf7046c4b125b216f6bf1cc604cff0dc", size = 129795 },
]

[[package]]
name = "uvloop"
version = "0.21.0"
source = { registry = "https://pypi.org/simple" }
sdist = { url = "https://files.pythonhosted.org/packages/af/c0/854216d09d33c543f12a44b393c402e89a920b1a0a7dc634c42de91b9cf6/uvloop-0.21.0.tar.gz", hash = "sha256:3bf12b0fda68447806a7ad847bfa591613177275d35b6724b1ee573faa3704e3", size = 2492741 }
wheels = [
    { url = "https://files.pythonhosted.org/packages/3d/76/44a55515e8c9505aa1420aebacf4dd82552e5e15691654894e90d0bd051a/uvloop-0.21.0-cp310-cp310-macosx_10_9_universal2.whl", hash = "sha256:ec7e6b09a6fdded42403182ab6b832b71f4edaf7f37a9a0e371a01db5f0cb45f", size = 1442019 },
    { url = "https://files.pythonhosted.org/packages/35/5a/62d5800358a78cc25c8a6c72ef8b10851bdb8cca22e14d9c74167b7f86da/uvloop-0.21.0-cp310-cp310-macosx_10_9_x86_64.whl", hash = "sha256:196274f2adb9689a289ad7d65700d37df0c0930fd8e4e743fa4834e850d7719d", size = 801898 },
    { url = "https://files.pythonhosted.org/packages/f3/96/63695e0ebd7da6c741ccd4489b5947394435e198a1382349c17b1146bb97/uvloop-0.21.0-cp310-cp310-manylinux_2_17_aarch64.manylinux2014_aarch64.whl", hash = "sha256:f38b2e090258d051d68a5b14d1da7203a3c3677321cf32a95a6f4db4dd8b6f26", size = 3827735 },
    { url = "https://files.pythonhosted.org/packages/61/e0/f0f8ec84979068ffae132c58c79af1de9cceeb664076beea86d941af1a30/uvloop-0.21.0-cp310-cp310-manylinux_2_17_x86_64.manylinux2014_x86_64.whl", hash = "sha256:87c43e0f13022b998eb9b973b5e97200c8b90823454d4bc06ab33829e09fb9bb", size = 3825126 },
    { url = "https://files.pythonhosted.org/packages/bf/fe/5e94a977d058a54a19df95f12f7161ab6e323ad49f4dabc28822eb2df7ea/uvloop-0.21.0-cp310-cp310-musllinux_1_2_aarch64.whl", hash = "sha256:10d66943def5fcb6e7b37310eb6b5639fd2ccbc38df1177262b0640c3ca68c1f", size = 3705789 },
    { url = "https://files.pythonhosted.org/packages/26/dd/c7179618e46092a77e036650c1f056041a028a35c4d76945089fcfc38af8/uvloop-0.21.0-cp310-cp310-musllinux_1_2_x86_64.whl", hash = "sha256:67dd654b8ca23aed0a8e99010b4c34aca62f4b7fce88f39d452ed7622c94845c", size = 3800523 },
]
