version = 1
revision = 2
requires-python = "==3.13.*"

[[package]]
name = "certifi"
version = "2025.7.14"
source = { registry = "https://pypi.org/simple" }
sdist = { url = "https://files.pythonhosted.org/packages/b3/76/52c535bcebe74590f296d6c77c86dabf761c41980e1347a2422e4aa2ae41/certifi-2025.7.14.tar.gz", hash = "sha256:8ea99dbdfaaf2ba2f9bac77b9249ef62ec5218e7c2b2e903378ed5fccf765995", size = 163981, upload-time = "2025-07-14T03:29:28.449Z" }
wheels = [
    { url = "https://files.pythonhosted.org/packages/4f/52/34c6cf5bb9285074dc3531c437b3919e825d976fde097a7a73f79e726d03/certifi-2025.7.14-py3-none-any.whl", hash = "sha256:6b31f564a415d79ee77df69d757bb49a5bb53bd9f756cbbe24394ffd6fc1f4b2", size = 162722, upload-time = "2025-07-14T03:29:26.863Z" },
]

[[package]]
name = "click"
version = "8.2.1"
source = { registry = "https://pypi.org/simple" }
dependencies = [
    { name = "colorama", marker = "sys_platform == 'win32'" },
]
sdist = { url = "https://files.pythonhosted.org/packages/60/6c/8ca2efa64cf75a977a0d7fac081354553ebe483345c734fb6b6515d96bbc/click-8.2.1.tar.gz", hash = "sha256:27c491cc05d968d271d5a1db13e3b5a184636d9d930f148c50b038f0d0646202", size = 286342, upload-time = "2025-05-20T23:19:49.832Z" }
wheels = [
    { url = "https://files.pythonhosted.org/packages/85/32/10bb5764d90a8eee674e9dc6f4db6a0ab47c8c4d0d83c27f7c39ac415a4d/click-8.2.1-py3-none-any.whl", hash = "sha256:61a3265b914e850b85317d0b3109c7f8cd35a670f963866005d6ef1d5175a12b", size = 102215, upload-time = "2025-05-20T23:19:47.796Z" },
]

[[package]]
name = "colorama"
version = "0.4.6"
source = { registry = "https://pypi.org/simple" }
sdist = { url = "https://files.pythonhosted.org/packages/d8/53/6f443c9a4a8358a93a6792e2acffb9d9d5cb0a5cfd8802644b7b1c9a02e4/colorama-0.4.6.tar.gz", hash = "sha256:08695f5cb7ed6e0531a20572697297273c47b8cae5a63ffc6d6ed5c201be6e44", size = 27697, upload-time = "2022-10-25T02:36:22.414Z" }
wheels = [
    { url = "https://files.pythonhosted.org/packages/d1/d6/3965ed04c63042e047cb6a3e6ed1a63a35087b6a609aa3a15ed8ac56c221/colorama-0.4.6-py2.py3-none-any.whl", hash = "sha256:4f1d9991f5acc0ca119f9d443620b77f9d6b33703e51011c16baf57afb285fc6", size = 25335, upload-time = "2022-10-25T02:36:20.889Z" },
]

[[package]]
name = "emmett"
version = "2.7.1"
source = { registry = "https://pypi.org/simple" }
dependencies = [
    { name = "click" },
    { name = "emmett-core", extra = ["granian", "rapidjson"] },
    { name = "emmett-pydal" },
    { name = "pendulum" },
    { name = "pyyaml" },
    { name = "renoir" },
    { name = "severus" },
]
sdist = { url = "https://files.pythonhosted.org/packages/cf/a9/26a44311262ea8a3c401d88b85f886af1572b8292fcc17372cec1e4a4031/emmett-2.7.1.tar.gz", hash = "sha256:886d3fa28c9c6c30404635d78fedff7a1f40a479e84adc9f09848b55ea2c4b1a", size = 363051, upload-time = "2025-06-25T17:53:13.923Z" }
wheels = [
    { url = "https://files.pythonhosted.org/packages/96/de/3ef6cae8cf9622f91ddffd3b7e829cda748f369cb55a4f0dbadf1dcec0db/emmett-2.7.1-py3-none-any.whl", hash = "sha256:0b5f4f7f118e13bccaa19c880584c15533f49b42de935d08956cca904f37225d", size = 265314, upload-time = "2025-06-25T17:53:12.286Z" },
]

[package.optional-dependencies]
rloop = [
    { name = "rloop", marker = "sys_platform != 'win32'" },
]

[[package]]
name = "emmett-core"
version = "1.3.3"
source = { registry = "https://pypi.org/simple" }
sdist = { url = "https://files.pythonhosted.org/packages/2d/b3/1eb3e068c98fe4e8f1f7ebb562853bf804c6d062dca33362d930eea2e0fc/emmett_core-1.3.3.tar.gz", hash = "sha256:d987c33758683f8d6439f614c4d5d5e1f0fa0791fb59f3ae0e5eb75136f3b640", size = 79790, upload-time = "2025-06-14T14:13:31.554Z" }
wheels = [
    { url = "https://files.pythonhosted.org/packages/87/0a/2b157fe8a6837fd46e6547d2b9a78a0342550109a67f979e3732f738d7ff/emmett_core-1.3.3-cp313-cp313-macosx_10_12_x86_64.whl", hash = "sha256:e2ff7d3616f7ca41971285d0b495ab9c8bade66ad66e5abea4936143323d2b34", size = 982883, upload-time = "2025-06-14T14:12:16.841Z" },
    { url = "https://files.pythonhosted.org/packages/25/b9/8a6429fcf113cfbc5bbe0bf40884b4186304e58d6bdcacff1966907254d7/emmett_core-1.3.3-cp313-cp313-macosx_11_0_arm64.whl", hash = "sha256:f75e00bfa6b421ad2bf68e647868c0c94d4079c76800ac29b21b1036e6cb331e", size = 895710, upload-time = "2025-06-14T14:12:18.101Z" },
    { url = "https://files.pythonhosted.org/packages/e4/74/69a03bcac16a96aa4dc1423f9b972c7565218ef3abf5f7376661bd356916/emmett_core-1.3.3-cp313-cp313-manylinux_2_17_armv7l.manylinux2014_armv7l.whl", hash = "sha256:e66497e95319e0bf624b5619191b7986a41d6d18044cbd526785881e099fdb1e", size = 942715, upload-time = "2025-06-14T14:12:19.38Z" },
    { url = "https://files.pythonhosted.org/packages/59/e5/629feaec85ff14f77af3227ee0c070feb904cad1d2c1545db8647b5f1f6d/emmett_core-1.3.3-cp313-cp313-manylinux_2_17_x86_64.manylinux2014_x86_64.whl", hash = "sha256:8659ddd676b073a4c5915e37415714c85232ba080a84fb8b14b97ef342fdf598", size = 1023365, upload-time = "2025-06-14T14:12:20.806Z" },
    { url = "https://files.pythonhosted.org/packages/a3/01/4344de7ddf0403b8e3a41343d6fc9f6371e352e1f34949534730b77ef8f8/emmett_core-1.3.3-cp313-cp313-manylinux_2_28_aarch64.whl", hash = "sha256:d415a7db15a1babce10bd98c8a1e329359c3fe0a7d56cdce0c967cf50015ed3a", size = 930839, upload-time = "2025-06-14T14:12:22.431Z" },
    { url = "https://files.pythonhosted.org/packages/62/f5/c8abb9330e013b70625841c26e830a4336d4313e01f24c750e52aa0d9493/emmett_core-1.3.3-cp313-cp313-manylinux_2_5_i686.manylinux1_i686.whl", hash = "sha256:e0ad56d236c8d0c0ee7bf711835ab4c5c4cd277013bc036248b85ad878f0cab6", size = 994047, upload-time = "2025-06-14T14:12:23.677Z" },
    { url = "https://files.pythonhosted.org/packages/20/2c/5a34e2346e844df496668e9006671133776abd85f5962f83d68ae658ddf9/emmett_core-1.3.3-cp313-cp313-musllinux_1_1_aarch64.whl", hash = "sha256:21e66ec7e68b59dd521de890b77fdb2cd0c84a68531b57fe1050136c5b24c8ba", size = 1109084, upload-time = "2025-06-14T14:12:24.965Z" },
    { url = "https://files.pythonhosted.org/packages/72/85/762dca4222a25a5acc284df9790689d3cbbc9cf1b941568a0414e27fd0fa/emmett_core-1.3.3-cp313-cp313-musllinux_1_1_armv7l.whl", hash = "sha256:5699f5a7694c0b5d2f989a18b20ae15f15f2869bba04b36675b8bc099a2ea1bd", size = 1205649, upload-time = "2025-06-14T14:12:26.288Z" },
    { url = "https://files.pythonhosted.org/packages/92/0e/e4dd8baac5da8273f094623a0750dfba0965d43bb63013827ed0c93c5186/emmett_core-1.3.3-cp313-cp313-musllinux_1_1_x86_64.whl", hash = "sha256:7211b99a0c1cbfbded89011a3d4335886fcbd9cd5a25d369f22d4e0ecc8039f1", size = 1187517, upload-time = "2025-06-14T14:12:27.578Z" },
    { url = "https://files.pythonhosted.org/packages/a2/5a/96f9c0c9c21befdc3d8df64308dcd2b06c9e65de2534c0b8608cd33a4516/emmett_core-1.3.3-cp313-cp313-win_amd64.whl", hash = "sha256:d78f410fb89caa8b3b6510c0a860a541f6d2dc66e04ea7131a50c2a4c60652c9", size = 910553, upload-time = "2025-06-14T14:12:29.325Z" },
    { url = "https://files.pythonhosted.org/packages/f2/23/cb489b84e47c43def11cbe00fbfd73f560754db43370f74072ec6428c288/emmett_core-1.3.3-cp313-cp313t-macosx_10_12_x86_64.whl", hash = "sha256:45ebdf008972898aa7cd7bbabf595b71f4c4a44f55eea46557e52838e193ba06", size = 981297, upload-time = "2025-06-14T14:12:30.847Z" },
    { url = "https://files.pythonhosted.org/packages/2c/e5/6ecb18a4eda11556df12184fc96ebd76c36d28d2c2e56f13c41d51e55d89/emmett_core-1.3.3-cp313-cp313t-macosx_11_0_arm64.whl", hash = "sha256:414c1fe0ab8221a793538a5c746c4886f0ed97e705351c448f220671cd816083", size = 894400, upload-time = "2025-06-14T14:12:32.115Z" },
    { url = "https://files.pythonhosted.org/packages/26/c0/0d5d9062da6351bc88707da9ee191d666c396e617a98ab9d6503b0573c41/emmett_core-1.3.3-cp313-cp313t-manylinux_2_17_x86_64.manylinux2014_x86_64.whl", hash = "sha256:0996a208d0e0cd25c651a2288d25ac7df69aa4188b70e746e0f06c40f4238777", size = 1021042, upload-time = "2025-06-14T14:12:33.685Z" },
    { url = "https://files.pythonhosted.org/packages/56/4b/964c34e5fc3e14f8d51024a4d4e2f6b44cbe65456a7c4500a96bad1da364/emmett_core-1.3.3-cp313-cp313t-manylinux_2_28_aarch64.whl", hash = "sha256:319bb92567aed89f457de8ed683e1770caaf01ab9bbcc54b16796d22a8d46967", size = 929115, upload-time = "2025-06-14T14:12:35.08Z" },
    { url = "https://files.pythonhosted.org/packages/91/6c/e1a0ad2be9390bd68fb787f1d556da1cc66ed2f2dd6b4d867dffed5fab00/emmett_core-1.3.3-cp313-cp313t-musllinux_1_1_aarch64.whl", hash = "sha256:d774df66893c404f98673286f00eb2eb987c329272c1638461710e239d938cda", size = 1107198, upload-time = "2025-06-14T14:12:36.392Z" },
    { url = "https://files.pythonhosted.org/packages/c5/7d/bc7e146c62d27183bcaa21c7a189c4641bff348f03deb594d76a65cc4334/emmett_core-1.3.3-cp313-cp313t-musllinux_1_1_armv7l.whl", hash = "sha256:cd0f67e7166a00ad11262f636a420cb250daa77f3e4a98b8f3beebd675f4092a", size = 1204737, upload-time = "2025-06-14T14:12:37.649Z" },
    { url = "https://files.pythonhosted.org/packages/5e/bf/e9394f41de14952b6050c71b47180810291dcf38388ec987f696c369b3b3/emmett_core-1.3.3-cp313-cp313t-musllinux_1_1_x86_64.whl", hash = "sha256:0ef3fb2d32cae323ae5db393f256620a68054c22f8daa57f77c59c4587058b02", size = 1185323, upload-time = "2025-06-14T14:12:39.345Z" },
    { url = "https://files.pythonhosted.org/packages/27/4a/e10a695fc58b9459ec09df6b069a96c280aefa9f73839f9285b084ee46ac/emmett_core-1.3.3-cp313-cp313t-win_amd64.whl", hash = "sha256:9ab364b6053bfcc081ca65a12b4f7a0b8fb2097aa0e8c2d4a76c9812c01571c4", size = 908704, upload-time = "2025-06-14T14:12:40.704Z" },
]

[package.optional-dependencies]
granian = [
    { name = "granian" },
]
rapidjson = [
    { name = "python-rapidjson" },
]

[[package]]
name = "emmett-haml"
version = "1.0.0"
source = { registry = "https://pypi.org/simple" }
dependencies = [
    { name = "emmett" },
    { name = "renoir-haml" },
]
sdist = { url = "https://files.pythonhosted.org/packages/18/c5/1337ad5ea538749fcac520f03a668ffeaa947e5235e6800f04c8610337c5/Emmett-HAML-1.0.0.tar.gz", hash = "sha256:732e6d6c4838157aad606c621bc68d2dc8816ceb2e51e81826b1385cee4ad760", size = 3129, upload-time = "2020-10-18T15:27:01.602Z" }
wheels = [
    { url = "https://files.pythonhosted.org/packages/c6/b7/b769447017c1ecd7395ae2951d6dd1941c7bc8089a1cdb15d66ffc7ea759/Emmett_HAML-1.0.0-py3-none-any.whl", hash = "sha256:0729dcf65848d35dd3c2e8d9b34df989e466c1276add7a3e7549336153365e4a", size = 4403, upload-time = "2020-10-18T15:27:03.638Z" },
]

[[package]]
name = "emmett-pydal"
version = "17.3.2"
source = { registry = "https://pypi.org/simple" }
sdist = { url = "https://files.pythonhosted.org/packages/0f/dc/15b0f7a61e166faab537b134df9d26c53176c65bd5ed53ae137e29868b2b/emmett_pydal-17.3.2.tar.gz", hash = "sha256:f0c04f4fb9926bc248e931a9f1d07c15054edd331998370b2401f4e69fc88972", size = 174539, upload-time = "2025-04-11T16:24:35.618Z" }
wheels = [
    { url = "https://files.pythonhosted.org/packages/aa/c5/d05fa4f1b28d2e014c752408d9f71be2da36aec3c0465e8ff3c4dd474411/emmett_pydal-17.3.2-py3-none-any.whl", hash = "sha256:da70ba62295f3b553bbd3030e420d658e1b3405d53dd342f9612a4419be5596a", size = 170630, upload-time = "2025-04-11T16:24:33.909Z" },
]

[[package]]
name = "emmett-sentry"
version = "0.8.2"
source = { registry = "https://pypi.org/simple" }
dependencies = [
    { name = "emmett-core" },
    { name = "sentry-sdk" },
]
sdist = { url = "https://files.pythonhosted.org/packages/ce/d5/f1df3d68c087f3c1917b016747449b1d04cb8d36eef2cdf45a4b329972ac/emmett_sentry-0.8.2.tar.gz", hash = "sha256:8886a683923623b600d2567aafcaaa3de84de00f9d250c972094f232f3ca01dc", size = 7319, upload-time = "2025-03-30T15:30:09.283Z" }
wheels = [
    { url = "https://files.pythonhosted.org/packages/27/a9/4cd855065522ff178c22b92a971d321ca9063a1ddb360d8dd15adb919d3b/emmett_sentry-0.8.2-py3-none-any.whl", hash = "sha256:4986feb00d30b9da1fd2c33263ea0d7ff1037c93d7ebdd3f2b91ce2909517100", size = 8684, upload-time = "2025-03-30T15:30:07.83Z" },
]

[[package]]
name = "emmett-website"
version = "0.1.0"
source = { virtual = "." }
dependencies = [
    { name = "emmett", extra = ["rloop"] },
    { name = "emmett-haml" },
    { name = "emmett-sentry" },
    { name = "markdown2" },
    { name = "pygments" },
]

[package.metadata]
requires-dist = [
    { name = "emmett", extras = ["rloop"], specifier = "~=2.7.0" },
    { name = "emmett-haml", specifier = "~=1.0" },
    { name = "emmett-sentry", specifier = "~=0.8.2" },
    { name = "markdown2", specifier = "~=2.3.8" },
    { name = "pygments", specifier = "~=2.6.1" },
]

[[package]]
name = "granian"
version = "2.5.0"
source = { registry = "https://pypi.org/simple" }
dependencies = [
    { name = "click" },
]
sdist = { url = "https://files.pythonhosted.org/packages/e7/91/6b51c5749a58e5d86063b193c15914700464f0d64eda84178bf432dbbcf9/granian-2.5.0.tar.gz", hash = "sha256:bed0d047c9c0c6c6a5a85ee5b3c7e2683fc63e03ac032eaf3d7654fa96bde102", size = 110336, upload-time = "2025-07-30T18:55:15.161Z" }
wheels = [
    { url = "https://files.pythonhosted.org/packages/c9/d8/c3c8a452f1b590400bb2cdef1ca61da8e9913762884cf3e6ba801fd3fdad/granian-2.5.0-cp313-cp313-macosx_10_12_x86_64.whl", hash = "sha256:50d4dc74ab763c1bf396cf85d93a8202bf1bfb74150b03f9fd62b600cd0c777c", size = 3026123, upload-time = "2025-07-30T18:53:20.94Z" },
    { url = "https://files.pythonhosted.org/packages/89/f0/e7038189d4e3b5f1e10bc23547b687bcdecdefbddef87013db64efea6800/granian-2.5.0-cp313-cp313-macosx_11_0_arm64.whl", hash = "sha256:31705782cd616b9b70536c1b61b7f15815ebc4dcccdb72f58aa806ba7ac5dfa1", size = 2584469, upload-time = "2025-07-30T18:53:22.579Z" },
    { url = "https://files.pythonhosted.org/packages/6a/2d/718620f393b6030d4a9ac5d1bc66cc5d159fb7f7c60c5d4483fd43902f7d/granian-2.5.0-cp313-cp313-manylinux_2_17_armv7l.manylinux2014_armv7l.whl", hash = "sha256:bbc4ebc727202ad4b3073ca8148c2af49904710d6fce84872191b2dd5cd36916", size = 3326593, upload-time = "2025-07-30T18:53:24.288Z" },
    { url = "https://files.pythonhosted.org/packages/07/57/c8b5f014673717e850db6d551057e74e330aadad5250d3f312cee432b1ec/granian-2.5.0-cp313-cp313-manylinux_2_17_i686.manylinux2014_i686.whl", hash = "sha256:af272218076663280fdc293b7da3adb716f23d54211cefad92fcf7e01b3eed19", size = 2937464, upload-time = "2025-07-30T18:53:25.72Z" },
    { url = "https://files.pythonhosted.org/packages/fe/91/8ae8aa9f0c3bbdf42fada15d623a5ab9fffd38acc243ec5619b6cbd60b9a/granian-2.5.0-cp313-cp313-manylinux_2_17_x86_64.manylinux2014_x86_64.whl", hash = "sha256:36493c4f2b672d027eb11b05ca6660f9fd4944452841d213cb0cb64da869539b", size = 3229316, upload-time = "2025-07-30T18:53:27.262Z" },
    { url = "https://files.pythonhosted.org/packages/a5/8c/6c294cf3d77dc9524530d30057f9b6e334cc12c5414feb604fb277d030a3/granian-2.5.0-cp313-cp313-manylinux_2_28_aarch64.whl", hash = "sha256:afafac4908d5931e4b2c2a09612e063d7ccd05e531f16b7f11e3bccc4ca8972c", size = 3109818, upload-time = "2025-07-30T18:53:29.004Z" },
    { url = "https://files.pythonhosted.org/packages/4a/49/acc3f1e02e35009d9486e4e00d2c951798a8098935d2374f52c7d2728438/granian-2.5.0-cp313-cp313-musllinux_1_1_aarch64.whl", hash = "sha256:fb157c3d66301ffad4113da4c51aed4d56006b9ebe9d0892c682a634b5fff773", size = 3099384, upload-time = "2025-07-30T18:53:30.448Z" },
    { url = "https://files.pythonhosted.org/packages/c1/87/7cdd96fbeabbceea3820736e65bd6d8c0021983605cee26ef1bf2e11e24b/granian-2.5.0-cp313-cp313-musllinux_1_1_armv7l.whl", hash = "sha256:879fdeb71fe279175a25d709d95dd2db01eb67cd12d300e51e3dc704ca5e52fd", size = 3468575, upload-time = "2025-07-30T18:53:31.857Z" },
    { url = "https://files.pythonhosted.org/packages/fd/64/bd41efc6bfbca0ff871ce28a13b9e687055dd70913dfce92c4a21a264bf7/granian-2.5.0-cp313-cp313-musllinux_1_1_x86_64.whl", hash = "sha256:74601bda3aedb249a3d5059d48108acfa61d6f71686162bda0bedc013a443efb", size = 3274703, upload-time = "2025-07-30T18:53:33.378Z" },
    { url = "https://files.pythonhosted.org/packages/97/42/c1a8f51d7ce3408a6aeebf68338e0282f0123b65c2fef1d7c202a407062d/granian-2.5.0-cp313-cp313-win_amd64.whl", hash = "sha256:76dc084d1c528683a88c2d1a00786c9bc013b695b1776ad8a3c71419c45e1df0", size = 2321042, upload-time = "2025-07-30T18:53:34.82Z" },
    { url = "https://files.pythonhosted.org/packages/e9/43/af71556ea889c28b8c1c74e9f50a64c040a92bae5e4412b8617638a8aa0e/granian-2.5.0-cp313-cp313t-macosx_10_12_x86_64.whl", hash = "sha256:f371dd9eedae26158901fee3eb934e8fa61491cc78d234470ce364b989c78a1f", size = 2955162, upload-time = "2025-07-30T18:53:36.263Z" },
    { url = "https://files.pythonhosted.org/packages/c2/35/14c2c050f3df95eb054f2a44b41a02c30c8a04dc8cca888330f55c43a436/granian-2.5.0-cp313-cp313t-macosx_11_0_arm64.whl", hash = "sha256:f7bf7ed30bcda9bbc9962f187081c5dfa6aa07e06c3a59486bc573b5def35914", size = 2548356, upload-time = "2025-07-30T18:53:38.116Z" },
    { url = "https://files.pythonhosted.org/packages/79/b3/8944acd78ff37a2effcdaf1d6163179e38c46c67c98bb1a68e93a75eb2c2/granian-2.5.0-cp313-cp313t-manylinux_2_17_x86_64.manylinux2014_x86_64.whl", hash = "sha256:3152037d799ea97e5736de054a48bf75368fb79b7cfee7e6aa46de1076a43882", size = 3091535, upload-time = "2025-07-30T18:53:39.514Z" },
    { url = "https://files.pythonhosted.org/packages/ce/49/cf0c89eaa41ac81271e3ae33834f71db945cc09dba609f6dc0e75247fd35/granian-2.5.0-cp313-cp313t-manylinux_2_28_aarch64.whl", hash = "sha256:9a53151c2d31dbcf1acbe6af89ce0282387614b6401650d511ca4260ba0e03c1", size = 2977716, upload-time = "2025-07-30T18:53:41.03Z" },
    { url = "https://files.pythonhosted.org/packages/47/58/e828bd5a02c412484b4056cef9aa505b014cc0bb1882f5dbdaf26782f147/granian-2.5.0-cp313-cp313t-musllinux_1_1_aarch64.whl", hash = "sha256:8f9918bee3c21eb1410f4323440d76eaa0c2d2e6ca4fa3e3a20d07cc54b788f6", size = 3094250, upload-time = "2025-07-30T18:53:42.495Z" },
    { url = "https://files.pythonhosted.org/packages/ab/ba/e70f0de5cd6e5bca15ea5e5bc6c5598d34f9d4e9e6707e79e6edb63f1fac/granian-2.5.0-cp313-cp313t-musllinux_1_1_armv7l.whl", hash = "sha256:c28a34951c1ed8eea97948882bdbc374ce111be5a59293693613d25043ba1313", size = 3458806, upload-time = "2025-07-30T18:53:44.308Z" },
    { url = "https://files.pythonhosted.org/packages/a1/c5/4d45042c86a924703f0c9617859742e929cdfe31b644bb16f9845c75342c/granian-2.5.0-cp313-cp313t-musllinux_1_1_x86_64.whl", hash = "sha256:944ea3bd400a7ccc8129835eda65bd6a37f8fb77828f4e6ded2f06827d6ec25f", size = 3254382, upload-time = "2025-07-30T18:53:45.769Z" },
    { url = "https://files.pythonhosted.org/packages/ab/8e/bbe7564e28385ebb35e94dd7127238b9ba5c29ee09791f3f69d77b3985d4/granian-2.5.0-cp313-cp313t-win_amd64.whl", hash = "sha256:9f6d080e45735dd93e4c60a79e42ee9ed37124a9580a08292d83b0961c705e39", size = 2312124, upload-time = "2025-07-30T18:53:47.204Z" },
]

[[package]]
name = "markdown2"
version = "2.3.10"
source = { registry = "https://pypi.org/simple" }
sdist = { url = "https://files.pythonhosted.org/packages/f5/d0/404331c3c19a716f951ef4e32f53d43bcc8d07fc6a8210f245cecf4fab77/markdown2-2.3.10.tar.gz", hash = "sha256:85956d8119fa6378156fef65545d66705a842819d2e1b50379a2b9d2aaa17cf0", size = 102543, upload-time = "2020-10-19T17:55:13.56Z" }
wheels = [
    { url = "https://files.pythonhosted.org/packages/a2/d2/6e6ab0d9387c332bf1de205522a8386b48e2dddf332ba6ad71b2ec371110/markdown2-2.3.10-py2.py3-none-any.whl", hash = "sha256:fef148e5fd68d4532286c3e2943e9d2c076a8ad781b0a70a9d599a0ffe91652d", size = 34599, upload-time = "2020-10-19T17:55:12.098Z" },
]

[[package]]
name = "pendulum"
version = "3.1.0"
source = { registry = "https://pypi.org/simple" }
dependencies = [
    { name = "python-dateutil" },
    { name = "tzdata" },
]
sdist = { url = "https://files.pythonhosted.org/packages/23/7c/009c12b86c7cc6c403aec80f8a4308598dfc5995e5c523a5491faaa3952e/pendulum-3.1.0.tar.gz", hash = "sha256:66f96303560f41d097bee7d2dc98ffca716fbb3a832c4b3062034c2d45865015", size = 85930, upload-time = "2025-04-19T14:30:01.675Z" }
wheels = [
    { url = "https://files.pythonhosted.org/packages/8e/1f/af928ba4aa403dac9569f787adcf024005e7654433d71f7a84e608716837/pendulum-3.1.0-cp313-cp313-macosx_10_12_x86_64.whl", hash = "sha256:28658b0baf4b30eb31d096a375983cfed033e60c0a7bbe94fa23f06cd779b50b", size = 336209, upload-time = "2025-04-19T14:01:42.775Z" },
    { url = "https://files.pythonhosted.org/packages/b6/16/b010643007ba964c397da7fa622924423883c1bbff1a53f9d1022cd7f024/pendulum-3.1.0-cp313-cp313-macosx_11_0_arm64.whl", hash = "sha256:b114dcb99ce511cb8f5495c7b6f0056b2c3dba444ef1ea6e48030d7371bd531a", size = 323132, upload-time = "2025-04-19T14:01:44.577Z" },
    { url = "https://files.pythonhosted.org/packages/64/19/c3c47aeecb5d9bceb0e89faafd800d39809b696c5b7bba8ec8370ad5052c/pendulum-3.1.0-cp313-cp313-manylinux_2_17_aarch64.manylinux2014_aarch64.whl", hash = "sha256:2404a6a54c80252ea393291f0b7f35525a61abae3d795407f34e118a8f133a18", size = 341509, upload-time = "2025-04-19T14:01:46.084Z" },
    { url = "https://files.pythonhosted.org/packages/38/cf/c06921ff6b860ff7e62e70b8e5d4dc70e36f5abb66d168bd64d51760bc4e/pendulum-3.1.0-cp313-cp313-manylinux_2_17_ppc64le.manylinux2014_ppc64le.whl", hash = "sha256:d06999790d9ee9962a1627e469f98568bf7ad1085553fa3c30ed08b3944a14d7", size = 378674, upload-time = "2025-04-19T14:01:47.727Z" },
    { url = "https://files.pythonhosted.org/packages/62/0b/a43953b9eba11e82612b033ac5133f716f1b76b6108a65da6f408b3cc016/pendulum-3.1.0-cp313-cp313-manylinux_2_17_s390x.manylinux2014_s390x.whl", hash = "sha256:94751c52f6b7c306734d1044c2c6067a474237e1e5afa2f665d1fbcbbbcf24b3", size = 436133, upload-time = "2025-04-19T14:01:49.126Z" },
    { url = "https://files.pythonhosted.org/packages/eb/a0/ec3d70b3b96e23ae1d039f132af35e17704c22a8250d1887aaefea4d78a6/pendulum-3.1.0-cp313-cp313-manylinux_2_17_x86_64.manylinux2014_x86_64.whl", hash = "sha256:5553ac27be05e997ec26d7f004cf72788f4ce11fe60bb80dda604a64055b29d0", size = 351232, upload-time = "2025-04-19T14:01:50.575Z" },
    { url = "https://files.pythonhosted.org/packages/f4/97/aba23f1716b82f6951ba2b1c9178a2d107d1e66c102762a9bf19988547ea/pendulum-3.1.0-cp313-cp313-musllinux_1_1_aarch64.whl", hash = "sha256:f8dee234ca6142bf0514368d01a72945a44685aaa2fc4c14c98d09da9437b620", size = 521563, upload-time = "2025-04-19T14:01:51.9Z" },
    { url = "https://files.pythonhosted.org/packages/01/33/2c0d5216cc53d16db0c4b3d510f141ee0a540937f8675948541190fbd48b/pendulum-3.1.0-cp313-cp313-musllinux_1_1_x86_64.whl", hash = "sha256:7378084fe54faab4ee481897a00b710876f2e901ded6221671e827a253e643f2", size = 523221, upload-time = "2025-04-19T14:01:53.275Z" },
    { url = "https://files.pythonhosted.org/packages/51/89/8de955c339c31aeae77fd86d3225509b998c81875e9dba28cb88b8cbf4b3/pendulum-3.1.0-cp313-cp313-win_amd64.whl", hash = "sha256:8539db7ae2c8da430ac2515079e288948c8ebf7eb1edd3e8281b5cdf433040d6", size = 260501, upload-time = "2025-04-19T14:01:54.749Z" },
    { url = "https://files.pythonhosted.org/packages/15/c3/226a3837363e94f8722461848feec18bfdd7d5172564d53aa3c3397ff01e/pendulum-3.1.0-cp313-cp313-win_arm64.whl", hash = "sha256:1ce26a608e1f7387cd393fba2a129507c4900958d4f47b90757ec17656856571", size = 253087, upload-time = "2025-04-19T14:01:55.998Z" },
    { url = "https://files.pythonhosted.org/packages/6e/23/e98758924d1b3aac11a626268eabf7f3cf177e7837c28d47bf84c64532d0/pendulum-3.1.0-py3-none-any.whl", hash = "sha256:f9178c2a8e291758ade1e8dd6371b1d26d08371b4c7730a6e9a3ef8b16ebae0f", size = 111799, upload-time = "2025-04-19T14:02:34.739Z" },
]

[[package]]
name = "pygments"
version = "2.6.1"
source = { registry = "https://pypi.org/simple" }
sdist = { url = "https://files.pythonhosted.org/packages/6e/4d/4d2fe93a35dfba417311a4ff627489a947b01dc0cc377a3673c00cf7e4b2/Pygments-2.6.1.tar.gz", hash = "sha256:647344a061c249a3b74e230c739f434d7ea4d8b1d5f3721bc0f3558049b38f44", size = 3303050, upload-time = "2020-03-08T09:30:04.561Z" }
wheels = [
    { url = "https://files.pythonhosted.org/packages/2d/68/106af3ae51daf807e9cdcba6a90e518954eb8b70341cee52995540a53ead/Pygments-2.6.1-py3-none-any.whl", hash = "sha256:ff7a40b4860b727ab48fad6360eb351cc1b33cbf9b15a0f689ca5353e9463324", size = 914382, upload-time = "2020-03-09T08:17:53.755Z" },
]

[[package]]
name = "python-dateutil"
version = "2.9.0.post0"
source = { registry = "https://pypi.org/simple" }
dependencies = [
    { name = "six" },
]
sdist = { url = "https://files.pythonhosted.org/packages/66/c0/0c8b6ad9f17a802ee498c46e004a0eb49bc148f2fd230864601a86dcf6db/python-dateutil-2.9.0.post0.tar.gz", hash = "sha256:37dd54208da7e1cd875388217d5e00ebd4179249f90fb72437e91a35459a0ad3", size = 342432, upload-time = "2024-03-01T18:36:20.211Z" }
wheels = [
    { url = "https://files.pythonhosted.org/packages/ec/57/56b9bcc3c9c6a792fcbaf139543cee77261f3651ca9da0c93f5c1221264b/python_dateutil-2.9.0.post0-py2.py3-none-any.whl", hash = "sha256:a8b2bc7bffae282281c8140a97d3aa9c14da0b136dfe83f850eea9a5f7470427", size = 229892, upload-time = "2024-03-01T18:36:18.57Z" },
]

[[package]]
name = "python-rapidjson"
version = "1.21"
source = { registry = "https://pypi.org/simple" }
sdist = { url = "https://files.pythonhosted.org/packages/cf/da/f041c85e7852ddb87dd59e34fdbfebf27defc6e4dfecbc0486ab30553dfd/python_rapidjson-1.21.tar.gz", hash = "sha256:4d0dd9cf1fcb6f4bf79ee606e6e9be4cfa598f273b91338a6974b6a99309a1e6", size = 238903, upload-time = "2025-07-10T06:30:43.413Z" }
wheels = [
    { url = "https://files.pythonhosted.org/packages/6d/82/9f1ffd805d6c4b2329046f88b59eec077ea5b2a1894ec23f8fcf22f53e0f/python_rapidjson-1.21-cp313-cp313-macosx_10_13_x86_64.whl", hash = "sha256:863208f50b848b8e10aefcf0da2a67ce38a1044a2ebf83d6355f16f0c7865d4f", size = 220853, upload-time = "2025-07-10T07:19:17.723Z" },
    { url = "https://files.pythonhosted.org/packages/21/d8/9de439a33cef3d1a7672028abcc1a3c8d0c9982f03a73b9cc71055325ee3/python_rapidjson-1.21-cp313-cp313-macosx_11_0_arm64.whl", hash = "sha256:608ade2fff2788821f25e70af4b1bfbf9ab2b2dc8ad47c91616935c5d31e3b72", size = 210314, upload-time = "2025-07-10T07:19:19.292Z" },
    { url = "https://files.pythonhosted.org/packages/da/93/dbee2d13a1619747652b8c8a921cb8a2e7309c0a142867b4954341c76632/python_rapidjson-1.21-cp313-cp313-manylinux_2_24_aarch64.manylinux_2_28_aarch64.whl", hash = "sha256:1bf6377c4e9636e20b403776585903d1ff52613a419c5f8453032146f0422634", size = 1679359, upload-time = "2025-07-10T07:19:21.086Z" },
    { url = "https://files.pythonhosted.org/packages/a1/56/06535489e561f6c2a035a5fa8d3d2ecc97c647fb4e1625a8cb7a1db46e6b/python_rapidjson-1.21-cp313-cp313-manylinux_2_24_ppc64le.manylinux_2_28_ppc64le.whl", hash = "sha256:74cba817cd9b16a3a54e7ddb3b59980c338c9a28900124502215dcba5db5a276", size = 1722183, upload-time = "2025-07-10T07:19:23.025Z" },
    { url = "https://files.pythonhosted.org/packages/67/0b/7c27a2473edfb9d40eb65e5a225dc2e833a5e355f228502aa19c2bdf6679/python_rapidjson-1.21-cp313-cp313-manylinux_2_24_x86_64.manylinux_2_28_x86_64.whl", hash = "sha256:3194bde069c3f03f3c425de7037cca37d337b6c7ac30f42cd2f17e15f1c4da3a", size = 1718857, upload-time = "2025-07-10T07:19:24.369Z" },
    { url = "https://files.pythonhosted.org/packages/17/0a/0db35ac49212505c347cdc353ddebd2b4085bfc02090baae552e7b5908b4/python_rapidjson-1.21-cp313-cp313-musllinux_1_2_aarch64.whl", hash = "sha256:b663932dc7548567028fb735bf4092b50dc373822dc9756a9ade6513541013de", size = 2530213, upload-time = "2025-07-10T07:19:26.062Z" },
    { url = "https://files.pythonhosted.org/packages/02/6c/4972fb83f0419654d3083e0b4881f607cbf0829d64da43b7d2a3a21480a0/python_rapidjson-1.21-cp313-cp313-musllinux_1_2_ppc64le.whl", hash = "sha256:fcb094ecca3d892f1dbd318251579ef66e2b2f06a2a24414ad71c31931d7ffff", size = 2636100, upload-time = "2025-07-10T07:19:27.744Z" },
    { url = "https://files.pythonhosted.org/packages/3e/08/da452b2bd67f88b8232e48f2341f3320ce9315f0bdfed1ca769b0b389acf/python_rapidjson-1.21-cp313-cp313-musllinux_1_2_x86_64.whl", hash = "sha256:f4cdb4f77b08b7ae121b7ca27ed2d57dcce17f8cd9f1d4593c954c982aba18ba", size = 2635274, upload-time = "2025-07-10T07:19:29.174Z" },
    { url = "https://files.pythonhosted.org/packages/18/2b/b81e89c01ec25078a2326051b691443c90797da0d21e1b6c862128de5238/python_rapidjson-1.21-cp313-cp313-win32.whl", hash = "sha256:be63c0ef87bf26059ee77f5de21d84a1be3659cb6baa8484c237ffe17a8beb56", size = 128530, upload-time = "2025-07-10T07:19:30.743Z" },
    { url = "https://files.pythonhosted.org/packages/3e/03/e92189d6142860f949b9679c915a6a3752ccc2345a5f80a3995233c45f9f/python_rapidjson-1.21-cp313-cp313-win_amd64.whl", hash = "sha256:38307a2ef4fddbdc18806a796201fe668c30e60de7cd795943a3f7fd39535c8b", size = 148424, upload-time = "2025-07-10T07:19:32.212Z" },
]

[[package]]
name = "pyyaml"
version = "6.0.2"
source = { registry = "https://pypi.org/simple" }
sdist = { url = "https://files.pythonhosted.org/packages/54/ed/79a089b6be93607fa5cdaedf301d7dfb23af5f25c398d5ead2525b063e17/pyyaml-6.0.2.tar.gz", hash = "sha256:d584d9ec91ad65861cc08d42e834324ef890a082e591037abe114850ff7bbc3e", size = 130631, upload-time = "2024-08-06T20:33:50.674Z" }
wheels = [
    { url = "https://files.pythonhosted.org/packages/ef/e3/3af305b830494fa85d95f6d95ef7fa73f2ee1cc8ef5b495c7c3269fb835f/PyYAML-6.0.2-cp313-cp313-macosx_10_13_x86_64.whl", hash = "sha256:efdca5630322a10774e8e98e1af481aad470dd62c3170801852d752aa7a783ba", size = 181309, upload-time = "2024-08-06T20:32:43.4Z" },
    { url = "https://files.pythonhosted.org/packages/45/9f/3b1c20a0b7a3200524eb0076cc027a970d320bd3a6592873c85c92a08731/PyYAML-6.0.2-cp313-cp313-macosx_11_0_arm64.whl", hash = "sha256:50187695423ffe49e2deacb8cd10510bc361faac997de9efef88badc3bb9e2d1", size = 171679, upload-time = "2024-08-06T20:32:44.801Z" },
    { url = "https://files.pythonhosted.org/packages/7c/9a/337322f27005c33bcb656c655fa78325b730324c78620e8328ae28b64d0c/PyYAML-6.0.2-cp313-cp313-manylinux_2_17_aarch64.manylinux2014_aarch64.whl", hash = "sha256:0ffe8360bab4910ef1b9e87fb812d8bc0a308b0d0eef8c8f44e0254ab3b07133", size = 733428, upload-time = "2024-08-06T20:32:46.432Z" },
    { url = "https://files.pythonhosted.org/packages/a3/69/864fbe19e6c18ea3cc196cbe5d392175b4cf3d5d0ac1403ec3f2d237ebb5/PyYAML-6.0.2-cp313-cp313-manylinux_2_17_s390x.manylinux2014_s390x.whl", hash = "sha256:17e311b6c678207928d649faa7cb0d7b4c26a0ba73d41e99c4fff6b6c3276484", size = 763361, upload-time = "2024-08-06T20:32:51.188Z" },
    { url = "https://files.pythonhosted.org/packages/04/24/b7721e4845c2f162d26f50521b825fb061bc0a5afcf9a386840f23ea19fa/PyYAML-6.0.2-cp313-cp313-manylinux_2_17_x86_64.manylinux2014_x86_64.whl", hash = "sha256:70b189594dbe54f75ab3a1acec5f1e3faa7e8cf2f1e08d9b561cb41b845f69d5", size = 759523, upload-time = "2024-08-06T20:32:53.019Z" },
    { url = "https://files.pythonhosted.org/packages/2b/b2/e3234f59ba06559c6ff63c4e10baea10e5e7df868092bf9ab40e5b9c56b6/PyYAML-6.0.2-cp313-cp313-musllinux_1_1_aarch64.whl", hash = "sha256:41e4e3953a79407c794916fa277a82531dd93aad34e29c2a514c2c0c5fe971cc", size = 726660, upload-time = "2024-08-06T20:32:54.708Z" },
    { url = "https://files.pythonhosted.org/packages/fe/0f/25911a9f080464c59fab9027482f822b86bf0608957a5fcc6eaac85aa515/PyYAML-6.0.2-cp313-cp313-musllinux_1_1_x86_64.whl", hash = "sha256:68ccc6023a3400877818152ad9a1033e3db8625d899c72eacb5a668902e4d652", size = 751597, upload-time = "2024-08-06T20:32:56.985Z" },
    { url = "https://files.pythonhosted.org/packages/14/0d/e2c3b43bbce3cf6bd97c840b46088a3031085179e596d4929729d8d68270/PyYAML-6.0.2-cp313-cp313-win32.whl", hash = "sha256:bc2fa7c6b47d6bc618dd7fb02ef6fdedb1090ec036abab80d4681424b84c1183", size = 140527, upload-time = "2024-08-06T20:33:03.001Z" },
    { url = "https://files.pythonhosted.org/packages/fa/de/02b54f42487e3d3c6efb3f89428677074ca7bf43aae402517bc7cca949f3/PyYAML-6.0.2-cp313-cp313-win_amd64.whl", hash = "sha256:8388ee1976c416731879ac16da0aff3f63b286ffdd57cdeb95f3f2e085687563", size = 156446, upload-time = "2024-08-06T20:33:04.33Z" },
]

[[package]]
name = "renoir"
version = "1.8.0"
source = { registry = "https://pypi.org/simple" }
sdist = { url = "https://files.pythonhosted.org/packages/e1/66/c46107832f44508d178bb5c1ab18bb320cdc461d8e74c5d1406a8b600949/renoir-1.8.0.tar.gz", hash = "sha256:9ab3b361c45cd003b6d57f6328b4cd8397eb969f276465287d592bb4326e7fbc", size = 26278, upload-time = "2024-10-12T14:13:12.786Z" }
wheels = [
    { url = "https://files.pythonhosted.org/packages/fb/89/a2bc0aee4a07f3e500b12b5b10205e436e82437ee329d1781460ea00ff49/renoir-1.8.0-py3-none-any.whl", hash = "sha256:f92a2368fe4ddd17ac2ad3df8f20cc1d80d30188d771639619facbeaf31fa5ee", size = 22690, upload-time = "2024-10-12T14:13:11.357Z" },
]

[[package]]
name = "renoir-haml"
version = "1.0.0"
source = { registry = "https://pypi.org/simple" }
dependencies = [
    { name = "renoir" },
]
sdist = { url = "https://files.pythonhosted.org/packages/4e/88/beb32e7d7809aae9a20e1ea2148d048566aab59659f3406a1d7ac2873b16/Renoir-HAML-1.0.0.tar.gz", hash = "sha256:338a98e84fbea1c8c07a8ce9f941bf3c0a28ece003b9614b6929459185ec3ecd", size = 10395, upload-time = "2020-03-15T22:31:38.817Z" }
wheels = [
    { url = "https://files.pythonhosted.org/packages/d5/d6/85921921424ff0bf6a72b8e1a33134d37e1d60d599067442de3d4d47ef59/Renoir_HAML-1.0.0-py3-none-any.whl", hash = "sha256:dacc329bbcecb8db8605ce6109fddffaf2cfb2b1279ca74ef396aa5d00169fd2", size = 12250, upload-time = "2020-03-15T22:31:40.467Z" },
]

[[package]]
name = "rloop"
version = "0.1.4"
source = { registry = "https://pypi.org/simple" }
sdist = { url = "https://files.pythonhosted.org/packages/2b/18/74c91c4dac5e0443e7c3b412a8630b191a05da3176b568f07680d92ae197/rloop-0.1.4.tar.gz", hash = "sha256:4dbaf6d0bafe8ebc554a6460c840d9a69075b33e849ca42aeb86117e3b42fb51", size = 37404, upload-time = "2025-07-09T17:23:22.544Z" }
wheels = [
    { url = "https://files.pythonhosted.org/packages/80/34/feddc37c1cc9e9a7861a7d66ccd9f85731465f9d72aee3500a16522be90e/rloop-0.1.4-cp313-cp313-macosx_10_12_x86_64.whl", hash = "sha256:0c268db2f9263662afc93cee7784d0314bb6c1c96c5895926179f233b4fb43f2", size = 328253, upload-time = "2025-07-09T17:22:06.338Z" },
    { url = "https://files.pythonhosted.org/packages/77/c0/8467f4e96c5415d775c2e0816c4bd669b93b43f601e33afd71b332b1d468/rloop-0.1.4-cp313-cp313-macosx_11_0_arm64.whl", hash = "sha256:8f16e48c7ba9a4ef9740cb099f59a5ce857fab1bac90c08a7ae0b8d5b70ae27c", size = 302390, upload-time = "2025-07-09T17:22:07.551Z" },
    { url = "https://files.pythonhosted.org/packages/c0/2e/a23a14f751cd114b086b6f5f56b1ab137defbdbb99da1864d93327e7dc27/rloop-0.1.4-cp313-cp313-manylinux_2_12_i686.manylinux2010_i686.whl", hash = "sha256:8a1da149c12202d7f1a48a9a4ea55d8cabf1fc2b0fb87da2ec9540619c963c90", size = 368144, upload-time = "2025-07-09T17:22:08.728Z" },
    { url = "https://files.pythonhosted.org/packages/0f/3f/d9eba1879cee2c2a4eee4cdcfd019ca8be0c35962f1e12c0979dcc000f72/rloop-0.1.4-cp313-cp313-manylinux_2_17_aarch64.manylinux2014_aarch64.whl", hash = "sha256:a6794770f8d1e09da7fa63a216ef6704edc8a60c7eebf6d0ce809c24f074964b", size = 325713, upload-time = "2025-07-09T17:22:10.174Z" },
    { url = "https://files.pythonhosted.org/packages/01/f8/ad9fa609cae1bd56baaf0015bb2d59d3d233f231d3baac634bb857eb07ea/rloop-0.1.4-cp313-cp313-manylinux_2_17_armv7l.manylinux2014_armv7l.whl", hash = "sha256:b995a9f3d97eae6bb782d286ff9715e28c7c99d4c1e75876aefb713ce9862b49", size = 354036, upload-time = "2025-07-09T17:22:11.399Z" },
    { url = "https://files.pythonhosted.org/packages/d0/ef/525d793223b706db9937db64c661454cf89c6a81cd0e40fe0e381df13449/rloop-0.1.4-cp313-cp313-manylinux_2_17_x86_64.manylinux2014_x86_64.whl", hash = "sha256:0920c0c6bc42dddc89610e93000d559f31b5853bded7a6f58d97804b2d54b571", size = 350675, upload-time = "2025-07-09T17:22:12.658Z" },
    { url = "https://files.pythonhosted.org/packages/cb/81/42ef63d5093c30e38b7ac0863e7668f41a91d8c4611edcf2e52b9c85e08c/rloop-0.1.4-cp313-cp313-musllinux_1_1_aarch64.whl", hash = "sha256:8b480bf102c6be48f618c2aa03d6aee0dab5aa405db33ba8a6c9f80b469736b8", size = 505340, upload-time = "2025-07-09T17:22:13.831Z" },
    { url = "https://files.pythonhosted.org/packages/a4/30/d81e9a5437c01c69a2272ba8ef1181ddb7624eb41904c4a483ab75ab410b/rloop-0.1.4-cp313-cp313-musllinux_1_1_armv7l.whl", hash = "sha256:dbd29c2dea69188d09cc511d7badf30afa0576e2a617a59e0a751c0194f06baf", size = 617724, upload-time = "2025-07-09T17:22:15.073Z" },
    { url = "https://files.pythonhosted.org/packages/36/f9/f61834bf0b500b4418c8f405ac536db2d57e5dad5cbd660c927221cb8acf/rloop-0.1.4-cp313-cp313-musllinux_1_1_x86_64.whl", hash = "sha256:62ff98be8d23f5940202669ba4d6f123d1c4ab1e0d16a3997f2daa69581a4da4", size = 520827, upload-time = "2025-07-09T17:22:16.402Z" },
    { url = "https://files.pythonhosted.org/packages/39/b4/73f9fbb6209e07e9b37d2cdc10eda13d96df8ebd37de1d89fabfc95d7ae1/rloop-0.1.4-cp313-cp313t-macosx_10_12_x86_64.whl", hash = "sha256:c4357099ce86ea2bb1d6eddb9daf81da3d2f641b5e9ea6a5d32bfe272b4fa8df", size = 324905, upload-time = "2025-07-09T17:22:17.658Z" },
    { url = "https://files.pythonhosted.org/packages/64/d5/d05c8b282ffef6d75030c4202e3df24d5624a40e35ee1368a9c1d84c8290/rloop-0.1.4-cp313-cp313t-macosx_11_0_arm64.whl", hash = "sha256:717cd72a22f313851836ce6ea31a8ab92888c7cc48c4b2c7eab4286507df3e3e", size = 300859, upload-time = "2025-07-09T17:22:18.872Z" },
    { url = "https://files.pythonhosted.org/packages/77/53/1358c0224bb410da9ca897e463ab4672aa39d7dde79e36418a064ed39f9a/rloop-0.1.4-cp313-cp313t-manylinux_2_17_aarch64.manylinux2014_aarch64.whl", hash = "sha256:d995967b8f1c00d06ee00c72af157e8a1ed0753c0219b94f2036b3256bc3fb60", size = 320354, upload-time = "2025-07-09T17:22:20.461Z" },
    { url = "https://files.pythonhosted.org/packages/01/61/9e8c5414841d2bf923d27eca7c77457d043f2bebe9d40b4de040817ae5e9/rloop-0.1.4-cp313-cp313t-manylinux_2_17_x86_64.manylinux2014_x86_64.whl", hash = "sha256:0728f8f62349bd88fdb336d207e516a7d563b9eb81b867eaf3efa1cb7ccfde71", size = 348767, upload-time = "2025-07-09T17:22:21.687Z" },
    { url = "https://files.pythonhosted.org/packages/47/6c/99651f8cbbd0a4dd6ce8fbfe6768ced5998cd60028253f4bacd879d07f4f/rloop-0.1.4-cp313-cp313t-musllinux_1_1_aarch64.whl", hash = "sha256:b84268e6c5d1faf38c64d00c801144e31ea330e0e872dd16a251f4c2dfb20b23", size = 500625, upload-time = "2025-07-09T17:22:22.977Z" },
    { url = "https://files.pythonhosted.org/packages/68/0d/2ca34ee718d34754d22ec1ad0870d491058380149f648789b4b06b81f4cd/rloop-0.1.4-cp313-cp313t-musllinux_1_1_x86_64.whl", hash = "sha256:8535f54570c155af21000ff4c1f84faca2e27dc7fe71d51be0fc205874325b05", size = 515613, upload-time = "2025-07-09T17:22:24.456Z" },
]

[[package]]
name = "sentry-sdk"
version = "2.34.1"
source = { registry = "https://pypi.org/simple" }
dependencies = [
    { name = "certifi" },
    { name = "urllib3" },
]
sdist = { url = "https://files.pythonhosted.org/packages/3a/38/10d6bfe23df1bfc65ac2262ed10b45823f47f810b0057d3feeea1ca5c7ed/sentry_sdk-2.34.1.tar.gz", hash = "sha256:69274eb8c5c38562a544c3e9f68b5be0a43be4b697f5fd385bf98e4fbe672687", size = 336969, upload-time = "2025-07-30T11:13:37.93Z" }
wheels = [
    { url = "https://files.pythonhosted.org/packages/2d/3e/bb34de65a5787f76848a533afbb6610e01fbcdd59e76d8679c254e02255c/sentry_sdk-2.34.1-py2.py3-none-any.whl", hash = "sha256:b7a072e1cdc5abc48101d5146e1ae680fa81fe886d8d95aaa25a0b450c818d32", size = 357743, upload-time = "2025-07-30T11:13:36.145Z" },
]

[[package]]
name = "severus"
version = "1.4.1"
source = { registry = "https://pypi.org/simple" }
dependencies = [
    { name = "pyyaml" },
]
sdist = { url = "https://files.pythonhosted.org/packages/9f/72/72267a8aabb7fdb82d9596d37f23e402abd2213416b195ff3abadd88f815/severus-1.4.1.tar.gz", hash = "sha256:74df78758216c7fe603d30b341c3528b94e451c0cb94fd46ba9fa8da8f4d92ca", size = 10406, upload-time = "2024-12-14T15:02:02.85Z" }
wheels = [
    { url = "https://files.pythonhosted.org/packages/bb/47/b341eb7784799265ea42222dd34ad64e018634d1ff5552337a417027c84b/severus-1.4.1-py3-none-any.whl", hash = "sha256:642974cb5b513ccc836abf8b7a0d93adffd59d0730ae3a3c7c1e4d8b62566587", size = 7487, upload-time = "2024-12-14T15:02:00.781Z" },
]

[[package]]
name = "six"
version = "1.17.0"
source = { registry = "https://pypi.org/simple" }
sdist = { url = "https://files.pythonhosted.org/packages/94/e7/b2c673351809dca68a0e064b6af791aa332cf192da575fd474ed7d6f16a2/six-1.17.0.tar.gz", hash = "sha256:ff70335d468e7eb6ec65b95b99d3a2836546063f63acc5171de367e834932a81", size = 34031, upload-time = "2024-12-04T17:35:28.174Z" }
wheels = [
    { url = "https://files.pythonhosted.org/packages/b7/ce/149a00dd41f10bc29e5921b496af8b574d8413afcd5e30dfa0ed46c2cc5e/six-1.17.0-py2.py3-none-any.whl", hash = "sha256:4721f391ed90541fddacab5acf947aa0d3dc7d27b2e1e8eda2be8970586c3274", size = 11050, upload-time = "2024-12-04T17:35:26.475Z" },
]

[[package]]
name = "tzdata"
version = "2025.2"
source = { registry = "https://pypi.org/simple" }
sdist = { url = "https://files.pythonhosted.org/packages/95/32/1a225d6164441be760d75c2c42e2780dc0873fe382da3e98a2e1e48361e5/tzdata-2025.2.tar.gz", hash = "sha256:b60a638fcc0daffadf82fe0f57e53d06bdec2f36c4df66280ae79bce6bd6f2b9", size = 196380, upload-time = "2025-03-23T13:54:43.652Z" }
wheels = [
    { url = "https://files.pythonhosted.org/packages/5c/23/c7abc0ca0a1526a0774eca151daeb8de62ec457e77262b66b359c3c7679e/tzdata-2025.2-py2.py3-none-any.whl", hash = "sha256:1a403fada01ff9221ca8044d701868fa132215d84beb92242d9acd2147f667a8", size = 347839, upload-time = "2025-03-23T13:54:41.845Z" },
]

[[package]]
name = "urllib3"
version = "2.5.0"
source = { registry = "https://pypi.org/simple" }
sdist = { url = "https://files.pythonhosted.org/packages/15/22/9ee70a2574a4f4599c47dd506532914ce044817c7752a79b6a51286319bc/urllib3-2.5.0.tar.gz", hash = "sha256:3fc47733c7e419d4bc3f6b3dc2b4f890bb743906a30d56ba4a5bfa4bbff92760", size = 393185, upload-time = "2025-06-18T14:07:41.644Z" }
wheels = [
    { url = "https://files.pythonhosted.org/packages/a7/c2/fe1e52489ae3122415c51f387e221dd0773709bad6c6cdaa599e8a2c5185/urllib3-2.5.0-py3-none-any.whl", hash = "sha256:e6b01673c0fa6a13e374b50871808eb3bf7046c4b125b216f6bf1cc604cff0dc", size = 129795, upload-time = "2025-06-18T14:07:40.39Z" },
]
