version = 1
revision = 1
requires-python = ">=3.10.0, <3.11"

[options]
prerelease-mode = "allow"

[[package]]
name = "certifi"
version = "2025.4.26"
source = { registry = "https://pypi.org/simple" }
sdist = { url = "https://files.pythonhosted.org/packages/e8/9e/c05b3920a3b7d20d3d3310465f50348e5b3694f4f88c6daf736eef3024c4/certifi-2025.4.26.tar.gz", hash = "sha256:0a816057ea3cdefcef70270d2c515e4506bbc954f417fa5ade2021213bb8f0c6", size = 160705 }
wheels = [
    { url = "https://files.pythonhosted.org/packages/4a/7e/3db2bd1b1f9e95f7cddca6d6e75e2f2bd9f51b1246e546d88addca0106bd/certifi-2025.4.26-py3-none-any.whl", hash = "sha256:30350364dfe371162649852c63336a15c70c6510c2ad5015b21c2345311805f3", size = 159618 },
]

[[package]]
name = "click"
version = "8.2.1"
source = { registry = "https://pypi.org/simple" }
dependencies = [
    { name = "colorama", marker = "sys_platform == 'win32'" },
]
sdist = { url = "https://files.pythonhosted.org/packages/60/6c/8ca2efa64cf75a977a0d7fac081354553ebe483345c734fb6b6515d96bbc/click-8.2.1.tar.gz", hash = "sha256:27c491cc05d968d271d5a1db13e3b5a184636d9d930f148c50b038f0d0646202", size = 286342 }
wheels = [
    { url = "https://files.pythonhosted.org/packages/85/32/10bb5764d90a8eee674e9dc6f4db6a0ab47c8c4d0d83c27f7c39ac415a4d/click-8.2.1-py3-none-any.whl", hash = "sha256:61a3265b914e850b85317d0b3109c7f8cd35a670f963866005d6ef1d5175a12b", size = 102215 },
]

[[package]]
name = "colorama"
version = "0.4.6"
source = { registry = "https://pypi.org/simple" }
sdist = { url = "https://files.pythonhosted.org/packages/d8/53/6f443c9a4a8358a93a6792e2acffb9d9d5cb0a5cfd8802644b7b1c9a02e4/colorama-0.4.6.tar.gz", hash = "sha256:08695f5cb7ed6e0531a20572697297273c47b8cae5a63ffc6d6ed5c201be6e44", size = 27697 }
wheels = [
    { url = "https://files.pythonhosted.org/packages/d1/d6/3965ed04c63042e047cb6a3e6ed1a63a35087b6a609aa3a15ed8ac56c221/colorama-0.4.6-py2.py3-none-any.whl", hash = "sha256:4f1d9991f5acc0ca119f9d443620b77f9d6b33703e51011c16baf57afb285fc6", size = 25335 },
]

[[package]]
name = "emmett"
version = "2.7.0"
source = { registry = "https://pypi.org/simple" }
dependencies = [
    { name = "click" },
    { name = "emmett-core", extra = ["granian", "rapidjson"] },
    { name = "emmett-pydal" },
    { name = "pendulum" },
    { name = "pyyaml" },
    { name = "renoir" },
    { name = "severus" },
]
sdist = { url = "https://files.pythonhosted.org/packages/b1/47/6e43d76122fe941413c43a914ab2dba02968487593d5c439b7039e6ade1c/emmett-2.7.0.tar.gz", hash = "sha256:6de7c7338a039e99d93755a213352ccdb7959cea27b6ba1ca4eaad636c242c7c", size = 363026 }
wheels = [
    { url = "https://files.pythonhosted.org/packages/54/ad/ac828088e764858c91020e61374f36b990caaad13af851cf1f00b8fe3d98/emmett-2.7.0-py3-none-any.whl", hash = "sha256:1e8b4e34cc0f568945ee46ef58b84c8315330155b98d669333b63b69370580c6", size = 265313 },
]

[package.optional-dependencies]
uvloop = [
    { name = "uvloop", marker = "platform_python_implementation == 'CPython' and sys_platform != 'win32'" },
]

[[package]]
name = "emmett-core"
version = "1.3.2"
source = { registry = "https://pypi.org/simple" }
sdist = { url = "https://files.pythonhosted.org/packages/1c/55/3245bea2bf954de1705c196b2ec30d45d29215586a4743212df62c2aded3/emmett_core-1.3.2.tar.gz", hash = "sha256:50eca440461bada4ad95bac4c89f35a7cee4181e0f7a1c41b1e69c4968e64fe1", size = 79813 }
wheels = [
    { url = "https://files.pythonhosted.org/packages/4d/0a/a54d578951550eb673c7e0a4b938884ae4b58787ea8136ffdf5cba4d6e7a/emmett_core-1.3.2-cp310-cp310-macosx_10_12_x86_64.whl", hash = "sha256:57c07e2c76435d4cf4d9170dccf1fa19a6611e4ead8a20516b2bbe5a8976756c", size = 982945 },
    { url = "https://files.pythonhosted.org/packages/91/75/07ebc213730802bb5aa49b6baf1bb882a98c4896706ae9efa19151887b17/emmett_core-1.3.2-cp310-cp310-macosx_11_0_arm64.whl", hash = "sha256:f77583ac5cfcf881ae79a5f6cb0032f79bf4ad4ea4befcdd0199025531d2f32c", size = 896099 },
    { url = "https://files.pythonhosted.org/packages/b5/fe/c6d960275bb9ec9342dd00d2ecbaa780031055ee1920f90b042e4593f178/emmett_core-1.3.2-cp310-cp310-manylinux_2_17_aarch64.manylinux2014_aarch64.whl", hash = "sha256:f6feee850acbb3fceb754ba8ae37d66f6c77b26a6f5ad7282662af5fcfd992d6", size = 932139 },
    { url = "https://files.pythonhosted.org/packages/2b/e5/98725d7a131c7bcabeacb0bb3e1794a88e1b75fefaf34e952ab36e49fd5c/emmett_core-1.3.2-cp310-cp310-manylinux_2_17_x86_64.manylinux2014_x86_64.whl", hash = "sha256:2fc36feadbe527d502645e75e1c105704c17ebbbd3679a96771f6a10d709fe03", size = 1022853 },
    { url = "https://files.pythonhosted.org/packages/09/83/b643827bb72927d8575b509f840abc3d1112e9bf98dd1ac9324e2f7224a1/emmett_core-1.3.2-cp310-cp310-musllinux_1_1_aarch64.whl", hash = "sha256:423834abfeee110735cf53450f484bbafcfefb5aadb217c34764795b65d5f701", size = 1110033 },
    { url = "https://files.pythonhosted.org/packages/e5/3e/b0c114945c062822b2109f7b9c7b381be1901921b0ec22a24f2077354a30/emmett_core-1.3.2-cp310-cp310-musllinux_1_1_x86_64.whl", hash = "sha256:f4b9d8ffa3f0f94c8af0f215b336f29e68564a96af5c1980db3b998f9cedd3aa", size = 1186138 },
    { url = "https://files.pythonhosted.org/packages/36/f5/6c040745eaa24865c07325f99b1e2216b6064fd293abacf938c7f405c949/emmett_core-1.3.2-cp310-cp310-win_amd64.whl", hash = "sha256:4a16ea86ee6b68214a82edd49461b15d5ac36930c125c946d233ced421124cb3", size = 910259 },
    { url = "https://files.pythonhosted.org/packages/19/40/d33b9405004971768beed1af5325cdb76edf639ab9cecb8680d114e93b8e/emmett_core-1.3.2-pp310-pypy310_pp73-macosx_10_12_x86_64.whl", hash = "sha256:257714fe187437d9678799608eafb861050fdbfffa5a6012c915e5859929e464", size = 960625 },
    { url = "https://files.pythonhosted.org/packages/83/12/5d9646260db372155365e8654dd2b34051d23d704e24c45db7e752afe357/emmett_core-1.3.2-pp310-pypy310_pp73-macosx_11_0_arm64.whl", hash = "sha256:4a4282831678224b22353abd692cc4be5dd19026b1212a52119f22b01c9313f2", size = 874309 },
    { url = "https://files.pythonhosted.org/packages/d8/f3/8462f98f7b7943cb3991485889112a1dc1a5010f78693e9ef221720e3311/emmett_core-1.3.2-pp310-pypy310_pp73-manylinux_2_17_aarch64.manylinux2014_aarch64.whl", hash = "sha256:4ca04935b853f4b4a2c50a8e121a822d3821fd83073fe6c774a05b4dad51f5ca", size = 932308 },
    { url = "https://files.pythonhosted.org/packages/5e/53/8ff714bf2194255f87e4aa6f74bd6ae280f419c8f53462b90581f46721b2/emmett_core-1.3.2-pp310-pypy310_pp73-manylinux_2_17_x86_64.manylinux2014_x86_64.whl", hash = "sha256:4e0b296b48ce08e51078b49dab0bcf64567b58ddbf40522f64f28eda94d4a353", size = 1015392 },
    { url = "https://files.pythonhosted.org/packages/26/53/8c7eb0f2bec333f2d982407b604da9865be4672966a31cc743d236cdded6/emmett_core-1.3.2-pp310-pypy310_pp73-musllinux_1_1_aarch64.whl", hash = "sha256:719d88891518e29b7461a7831939b55c9e03fd103e4cdc73675b88e559f988b4", size = 1110144 },
    { url = "https://files.pythonhosted.org/packages/86/7e/dafa4a22989528fd96c8c8f6a1e7992c492c780d45993dc5fe6204edafd3/emmett_core-1.3.2-pp310-pypy310_pp73-musllinux_1_1_x86_64.whl", hash = "sha256:8c51c3d8f59dabd1d615d56ce833e701ed76e37a08d82a7159775349943c2774", size = 1186087 },
    { url = "https://files.pythonhosted.org/packages/d0/8e/4e6e77ee280e44a2cfd7534a8fbedfbb163776a1af3beb8eb6cb92a19192/emmett_core-1.3.2-pp310-pypy310_pp73-win_amd64.whl", hash = "sha256:e2ef10e76a8a4f8265c52ebc161402c65309ab3fdbb71681aa6d871781f15012", size = 886943 },
]

[package.optional-dependencies]
granian = [
    { name = "granian" },
]
rapidjson = [
    { name = "python-rapidjson" },
]

[[package]]
name = "emmett-haml"
version = "1.0.0"
source = { registry = "https://pypi.org/simple" }
dependencies = [
    { name = "emmett" },
    { name = "renoir-haml" },
]
sdist = { url = "https://files.pythonhosted.org/packages/18/c5/1337ad5ea538749fcac520f03a668ffeaa947e5235e6800f04c8610337c5/Emmett-HAML-1.0.0.tar.gz", hash = "sha256:732e6d6c4838157aad606c621bc68d2dc8816ceb2e51e81826b1385cee4ad760", size = 3129 }
wheels = [
    { url = "https://files.pythonhosted.org/packages/c6/b7/b769447017c1ecd7395ae2951d6dd1941c7bc8089a1cdb15d66ffc7ea759/Emmett_HAML-1.0.0-py3-none-any.whl", hash = "sha256:0729dcf65848d35dd3c2e8d9b34df989e466c1276add7a3e7549336153365e4a", size = 4403 },
]

[[package]]
name = "emmett-pydal"
version = "17.3.2"
source = { registry = "https://pypi.org/simple" }
sdist = { url = "https://files.pythonhosted.org/packages/0f/dc/15b0f7a61e166faab537b134df9d26c53176c65bd5ed53ae137e29868b2b/emmett_pydal-17.3.2.tar.gz", hash = "sha256:f0c04f4fb9926bc248e931a9f1d07c15054edd331998370b2401f4e69fc88972", size = 174539 }
wheels = [
    { url = "https://files.pythonhosted.org/packages/aa/c5/d05fa4f1b28d2e014c752408d9f71be2da36aec3c0465e8ff3c4dd474411/emmett_pydal-17.3.2-py3-none-any.whl", hash = "sha256:da70ba62295f3b553bbd3030e420d658e1b3405d53dd342f9612a4419be5596a", size = 170630 },
]

[[package]]
name = "emmett-sentry"
version = "0.8.2"
source = { registry = "https://pypi.org/simple" }
dependencies = [
    { name = "emmett-core" },
    { name = "sentry-sdk" },
]
sdist = { url = "https://files.pythonhosted.org/packages/ce/d5/f1df3d68c087f3c1917b016747449b1d04cb8d36eef2cdf45a4b329972ac/emmett_sentry-0.8.2.tar.gz", hash = "sha256:8886a683923623b600d2567aafcaaa3de84de00f9d250c972094f232f3ca01dc", size = 7319 }
wheels = [
    { url = "https://files.pythonhosted.org/packages/27/a9/4cd855065522ff178c22b92a971d321ca9063a1ddb360d8dd15adb919d3b/emmett_sentry-0.8.2-py3-none-any.whl", hash = "sha256:4986feb00d30b9da1fd2c33263ea0d7ff1037c93d7ebdd3f2b91ce2909517100", size = 8684 },
]

[[package]]
name = "emmett-website"
version = "0.1.0"
source = { virtual = "." }
dependencies = [
    { name = "emmett", extra = ["uvloop"] },
    { name = "emmett-haml" },
    { name = "emmett-sentry" },
    { name = "markdown2" },
    { name = "pygments" },
]

[package.metadata]
requires-dist = [
    { name = "emmett", extras = ["uvloop"], specifier = "~=2.7.0" },
    { name = "emmett-haml", specifier = "~=1.0" },
    { name = "emmett-sentry", specifier = "~=0.8.2" },
    { name = "markdown2", specifier = "~=2.3.8" },
    { name = "pygments", specifier = "~=2.6.1" },
]

[[package]]
name = "granian"
version = "2.3.1"
source = { registry = "https://pypi.org/simple" }
dependencies = [
    { name = "click" },
]
sdist = { url = "https://files.pythonhosted.org/packages/82/0f/04aacf7ec30ba04018c7be761e5a6964d73cf82da5969b35e912e8e4e662/granian-2.3.1.tar.gz", hash = "sha256:5e9bddf3580e8ffccfaa97196672a6351630c959c37eb2498772504759a9f1ba", size = 100302 }
wheels = [
    { url = "https://files.pythonhosted.org/packages/9c/4f/6c71c5e24133600298cc12e010b1703514fded833a6951241895ba630cf9/granian-2.3.1-cp310-cp310-macosx_10_12_x86_64.whl", hash = "sha256:e605ec9cc4d0cabcdd51d68d9f31c955760cd054ed86adb7179720d927402af7", size = 3054527 },
    { url = "https://files.pythonhosted.org/packages/b8/c8/d0734b6cf2668493d77edb8e79fc1c09752e77610c09b58aff033e03f863/granian-2.3.1-cp310-cp310-macosx_11_0_arm64.whl", hash = "sha256:edcc129f5831275ecea1632ba7acdfa44718da6401568fb8f762221fd12b243b", size = 2732890 },
    { url = "https://files.pythonhosted.org/packages/a7/5f/2779e7c5148aad902206ca1ea7c71cb7dee3e4af26155f5e9d16810ba590/granian-2.3.1-cp310-cp310-manylinux_2_17_armv7l.manylinux2014_armv7l.whl", hash = "sha256:2e9a6c3d26883c1fa5d8e82e1d5fe644913782dc0559fc163629e84ab4fcb77d", size = 3369598 },
    { url = "https://files.pythonhosted.org/packages/41/3b/c05c53d7ceeef8e574aa725c9141d018050f0efd140e805985472cbd4d7b/granian-2.3.1-cp310-cp310-manylinux_2_17_i686.manylinux2014_i686.whl", hash = "sha256:d1be8ab983d1abc9976d3b98b160cda21feed6e882af5122958dec8323cd1425", size = 3007146 },
    { url = "https://files.pythonhosted.org/packages/c6/6c/8eafb76dbf4bec6a96c04a59eeab1de3c39ce29349df1c2cdc7dfe008a98/granian-2.3.1-cp310-cp310-manylinux_2_17_x86_64.manylinux2014_x86_64.whl", hash = "sha256:b5a522a74a9727bf80b36639207b1be7e0be462fd788f0fe62f0cd8d7ad57664", size = 3223566 },
    { url = "https://files.pythonhosted.org/packages/3c/e4/91746ed443a327378d5713a30b8b5ae1d57ebef3fc7fbc85c3de18de395d/granian-2.3.1-cp310-cp310-manylinux_2_28_aarch64.whl", hash = "sha256:d72dd6dadd21bf3d78f121d2dd8123690962eb7ca3f18c77e0eba015d68738e9", size = 3167903 },
    { url = "https://files.pythonhosted.org/packages/9b/2b/df28e5c7e794ce65c45c306277349b3aa3a567ae12cf7b6b54bca396e928/granian-2.3.1-cp310-cp310-musllinux_1_1_aarch64.whl", hash = "sha256:dc450b8e5cb309341546693d78cc6c13c13d18435d033611fb2e99f22969c581", size = 3148476 },
    { url = "https://files.pythonhosted.org/packages/c9/7a/ef0594f49eafd0d918ef792b16aaeac87087b4f030a8814193516d80b2ef/granian-2.3.1-cp310-cp310-musllinux_1_1_armv7l.whl", hash = "sha256:a1972c211cd94746d25311473feefb9da383ac9ec488347d503cc2a1d3aaa6fc", size = 3481331 },
    { url = "https://files.pythonhosted.org/packages/0e/d6/b13249e2356022a54d37b8935b4482edec69ba19ebd3d3d07c0945fcfe9c/granian-2.3.1-cp310-cp310-musllinux_1_1_x86_64.whl", hash = "sha256:d868c383c4ea248616797acd08a5faecd52d76677f14b0a5ec7caecd8413fe22", size = 3280271 },
    { url = "https://files.pythonhosted.org/packages/46/ed/1ae5fdbdee962f77e6fc79c1b315c2803dd4d1760964b41345c56a5b9c77/granian-2.3.1-cp310-cp310-win_amd64.whl", hash = "sha256:ef48ceb8135136fa1e23c365db5886a2ad19521cc0d4fdf42ac01bff1657d179", size = 2763117 },
    { url = "https://files.pythonhosted.org/packages/5f/d4/5d1e4a3f6b71be97880e0509fbdf68004150cca0fd00e06a137a80a47092/granian-2.3.1-pp310-pypy310_pp73-macosx_10_12_x86_64.whl", hash = "sha256:b5731fc80ba013bc8de8aa64a4db268629c87e627cb519747a0f172ed82b42c0", size = 3052561 },
    { url = "https://files.pythonhosted.org/packages/e0/ae/6b9645245231d266f8472a3e3220a94b774bed474b6e7ccdedcd470a8fd8/granian-2.3.1-pp310-pypy310_pp73-macosx_11_0_arm64.whl", hash = "sha256:0bb25f896956c742659c3d839605e483ad345bad56172adc304e31f95cd7481c", size = 2732202 },
    { url = "https://files.pythonhosted.org/packages/76/8d/c90f315d3f7c8704382bee5cba15cd281eba0ac737d85f685c81476dab71/granian-2.3.1-pp310-pypy310_pp73-manylinux_2_17_x86_64.manylinux2014_x86_64.whl", hash = "sha256:ad8f287c39693116a135450cdc1b0787ff6a40f6c637ea87d92e80c949325c5a", size = 3224152 },
    { url = "https://files.pythonhosted.org/packages/17/fe/367bbbca0810fc1fbcea61f79284a70fec4816ee206979bd27be80475a47/granian-2.3.1-pp310-pypy310_pp73-manylinux_2_28_aarch64.whl", hash = "sha256:8d3d745946792027e499d0f6e601a2e475414ba7dc9c14017bc40203c9584ce4", size = 3166182 },
    { url = "https://files.pythonhosted.org/packages/83/2d/b35bff7c54328d5407807e07513fa18acf97e65886019605c5fa112a4bea/granian-2.3.1-pp310-pypy310_pp73-musllinux_1_1_aarch64.whl", hash = "sha256:4966e5a04247d5dbfe96c371ebc0c0482e4bb4cc5a59a504484e254b7171a9ba", size = 3146441 },
    { url = "https://files.pythonhosted.org/packages/1b/a7/3f8e027cc40f1ce40506cfbadd41f2e347bb00d52e8e269df972f6c831ea/granian-2.3.1-pp310-pypy310_pp73-musllinux_1_1_armv7l.whl", hash = "sha256:f90eb7cccbd59517b9784e2320fa418b17750ba38558361374225659df125da5", size = 3500174 },
    { url = "https://files.pythonhosted.org/packages/e9/50/a82efe7794dd972dd495748745abe60c3157f0eaafded438b78aff1a8f0f/granian-2.3.1-pp310-pypy310_pp73-musllinux_1_1_x86_64.whl", hash = "sha256:1fe833a95161b6c68c2b5ba00ead4929c96be9bf2b839295b7b7cb312287b4ae", size = 3275774 },
]

[[package]]
name = "markdown2"
version = "2.3.10"
source = { registry = "https://pypi.org/simple" }
sdist = { url = "https://files.pythonhosted.org/packages/f5/d0/404331c3c19a716f951ef4e32f53d43bcc8d07fc6a8210f245cecf4fab77/markdown2-2.3.10.tar.gz", hash = "sha256:85956d8119fa6378156fef65545d66705a842819d2e1b50379a2b9d2aaa17cf0", size = 102543 }
wheels = [
    { url = "https://files.pythonhosted.org/packages/a2/d2/6e6ab0d9387c332bf1de205522a8386b48e2dddf332ba6ad71b2ec371110/markdown2-2.3.10-py2.py3-none-any.whl", hash = "sha256:fef148e5fd68d4532286c3e2943e9d2c076a8ad781b0a70a9d599a0ffe91652d", size = 34599 },
]

[[package]]
name = "pendulum"
version = "3.1.0"
source = { registry = "https://pypi.org/simple" }
dependencies = [
    { name = "python-dateutil" },
    { name = "tzdata" },
]
sdist = { url = "https://files.pythonhosted.org/packages/23/7c/009c12b86c7cc6c403aec80f8a4308598dfc5995e5c523a5491faaa3952e/pendulum-3.1.0.tar.gz", hash = "sha256:66f96303560f41d097bee7d2dc98ffca716fbb3a832c4b3062034c2d45865015", size = 85930 }
wheels = [
    { url = "https://files.pythonhosted.org/packages/b4/d8/398cd27903a6899d0ae47b896d88e0b15849fc334931a6732e7ce3be9a45/pendulum-3.1.0-cp310-cp310-macosx_10_12_x86_64.whl", hash = "sha256:aa545a59e6517cf43597455a6fb44daa4a6e08473d67a7ad34e4fa951efb9620", size = 338637 },
    { url = "https://files.pythonhosted.org/packages/aa/9d/a125554919c6db14e189393254c7781ee98ed5a121b6c05652d353b03c12/pendulum-3.1.0-cp310-cp310-macosx_11_0_arm64.whl", hash = "sha256:299df2da6c490ede86bb8d58c65e33d7a2a42479d21475a54b467b03ccb88531", size = 326003 },
    { url = "https://files.pythonhosted.org/packages/53/9f/43a5a902f904e06252c259c2f6cf2dceafbb25aef158df08f79c0089dfd7/pendulum-3.1.0-cp310-cp310-manylinux_2_17_aarch64.manylinux2014_aarch64.whl", hash = "sha256:dbaa66e3ab179a2746eec67462f852a5d555bd709c25030aef38477468dd008e", size = 344335 },
    { url = "https://files.pythonhosted.org/packages/ca/24/00fcd6abd1f7623d2bbcca048b45f01aa8bb6b647e0477c3a8ea6094335c/pendulum-3.1.0-cp310-cp310-manylinux_2_17_ppc64le.manylinux2014_ppc64le.whl", hash = "sha256:c3907ab3744c32e339c358d88ec80cd35fa2d4b25c77a3c67e6b39e99b7090c5", size = 382169 },
    { url = "https://files.pythonhosted.org/packages/32/bc/20a87f24c26c6c4daf3c69311208b28130b4d19c006da16efc0e55715963/pendulum-3.1.0-cp310-cp310-manylinux_2_17_s390x.manylinux2014_s390x.whl", hash = "sha256:8244958c5bc4ed1c47ee84b098ddd95287a3fc59e569ca6e2b664c6396138ec4", size = 436675 },
    { url = "https://files.pythonhosted.org/packages/1d/eb/3b1818a796408a250b8e6cfaa5372b991c0cbec768e02e0f9a226755383d/pendulum-3.1.0-cp310-cp310-manylinux_2_17_x86_64.manylinux2014_x86_64.whl", hash = "sha256:ca5722b3993b85ff7dfced48d86b318f863c359877b6badf1a3601e35199ef8f", size = 353728 },
    { url = "https://files.pythonhosted.org/packages/36/23/755ef61f863b2777925171a59509540205b561a9e07ee7de0b5be9226bea/pendulum-3.1.0-cp310-cp310-musllinux_1_1_aarch64.whl", hash = "sha256:5b77a3dc010eea1a4916ef3771163d808bfc3e02b894c37df311287f18e5b764", size = 524465 },
    { url = "https://files.pythonhosted.org/packages/07/1f/a3e5f08890d13d93eee725778bfeaa233db5c55463e526857dffbc1a47e4/pendulum-3.1.0-cp310-cp310-musllinux_1_1_x86_64.whl", hash = "sha256:2d6e1eff4a15fdb8fb3867c5469e691c2465eef002a6a541c47b48a390ff4cf4", size = 525690 },
    { url = "https://files.pythonhosted.org/packages/43/c5/bf8ce472b81e8f5f074e8ba39899d288acce417c2c4a9ec7486d56970e28/pendulum-3.1.0-cp310-cp310-win_amd64.whl", hash = "sha256:73de43ec85b46ac75db848c8e2f3f5d086e90b11cd9c7f029e14c8d748d920e2", size = 260356 },
    { url = "https://files.pythonhosted.org/packages/66/10/3258c084653606d2be2c7168998eda4a57cf1559cecb43cf1100000fda5f/pendulum-3.1.0-pp310-pypy310_pp73-macosx_10_12_x86_64.whl", hash = "sha256:d2cac744940299d8da41a3ed941aa1e02b5abbc9ae2c525f3aa2ae30c28a86b5", size = 339442 },
    { url = "https://files.pythonhosted.org/packages/98/d5/98a1a10cd1cfb3390fbf070864e9a10de8e70a9d4509832132f4d900d655/pendulum-3.1.0-pp310-pypy310_pp73-macosx_11_0_arm64.whl", hash = "sha256:ffb39c3f3906a9c9a108fa98e5556f18b52d2c6451984bbfe2f14436ec4fc9d4", size = 326609 },
    { url = "https://files.pythonhosted.org/packages/0a/2e/448abdebc11b9c54e190d273cb084162643199fc184cb1bb6bff7900e67f/pendulum-3.1.0-pp310-pypy310_pp73-manylinux_2_17_aarch64.manylinux2014_aarch64.whl", hash = "sha256:ebe18b1c2eb364064cc4a68a65900f1465cac47d0891dab82341766bcc05b40c", size = 344777 },
    { url = "https://files.pythonhosted.org/packages/ed/91/ee857bbd51168bf08b89c3a4705c920725eee0f830ccc513b8370f6ce71d/pendulum-3.1.0-pp310-pypy310_pp73-manylinux_2_17_x86_64.manylinux2014_x86_64.whl", hash = "sha256:a9e9b28a35cec9fcd90f224b4878456129a057dbd694fc8266a9393834804995", size = 354404 },
    { url = "https://files.pythonhosted.org/packages/bc/d4/e63a57df65e2b2d10f3aa917a4069be9abf5ac7d56d11336e0510742d8a6/pendulum-3.1.0-pp310-pypy310_pp73-musllinux_1_1_aarch64.whl", hash = "sha256:a3be19b73a9c6a866724419295482f817727e635ccc82f07ae6f818943a1ee96", size = 524948 },
    { url = "https://files.pythonhosted.org/packages/93/87/04e74600c5a5674e5f341b8888b530a9de9b84b31889f80fac3bee3e9e87/pendulum-3.1.0-pp310-pypy310_pp73-musllinux_1_1_x86_64.whl", hash = "sha256:24a53b523819bda4c70245687a589b5ea88711f7caac4be5f276d843fe63076b", size = 526340 },
    { url = "https://files.pythonhosted.org/packages/48/27/d3577a5f6f7d1fbf1138d87ce21ebab363c78642513b991d1c424d658d09/pendulum-3.1.0-pp310-pypy310_pp73-win_amd64.whl", hash = "sha256:bd701789414fbd0be3c75f46803f31e91140c23821e4bcb0fa2bddcdd051c425", size = 261089 },
    { url = "https://files.pythonhosted.org/packages/6e/23/e98758924d1b3aac11a626268eabf7f3cf177e7837c28d47bf84c64532d0/pendulum-3.1.0-py3-none-any.whl", hash = "sha256:f9178c2a8e291758ade1e8dd6371b1d26d08371b4c7730a6e9a3ef8b16ebae0f", size = 111799 },
]

[[package]]
name = "pygments"
version = "2.6.1"
source = { registry = "https://pypi.org/simple" }
sdist = { url = "https://files.pythonhosted.org/packages/6e/4d/4d2fe93a35dfba417311a4ff627489a947b01dc0cc377a3673c00cf7e4b2/Pygments-2.6.1.tar.gz", hash = "sha256:647344a061c249a3b74e230c739f434d7ea4d8b1d5f3721bc0f3558049b38f44", size = 3303050 }
wheels = [
    { url = "https://files.pythonhosted.org/packages/2d/68/106af3ae51daf807e9cdcba6a90e518954eb8b70341cee52995540a53ead/Pygments-2.6.1-py3-none-any.whl", hash = "sha256:ff7a40b4860b727ab48fad6360eb351cc1b33cbf9b15a0f689ca5353e9463324", size = 914382 },
]

[[package]]
name = "python-dateutil"
version = "2.9.0.post0"
source = { registry = "https://pypi.org/simple" }
dependencies = [
    { name = "six" },
]
sdist = { url = "https://files.pythonhosted.org/packages/66/c0/0c8b6ad9f17a802ee498c46e004a0eb49bc148f2fd230864601a86dcf6db/python-dateutil-2.9.0.post0.tar.gz", hash = "sha256:37dd54208da7e1cd875388217d5e00ebd4179249f90fb72437e91a35459a0ad3", size = 342432 }
wheels = [
    { url = "https://files.pythonhosted.org/packages/ec/57/56b9bcc3c9c6a792fcbaf139543cee77261f3651ca9da0c93f5c1221264b/python_dateutil-2.9.0.post0-py2.py3-none-any.whl", hash = "sha256:a8b2bc7bffae282281c8140a97d3aa9c14da0b136dfe83f850eea9a5f7470427", size = 229892 },
]

[[package]]
name = "python-rapidjson"
version = "1.20"
source = { registry = "https://pypi.org/simple" }
sdist = { url = "https://files.pythonhosted.org/packages/47/2a/2510836a65a1fc40c923393611896c3c8ad1e2f583ed0c32cf0bb48cc378/python_rapidjson-1.20.tar.gz", hash = "sha256:115f08c86d2df7543c02605e77c84727cdabc4b08310d2f097e953efeaaa73eb", size = 238158 }
wheels = [
    { url = "https://files.pythonhosted.org/packages/39/49/ed3857c5c601fab923e88637efbb68e4d9951bcf5bf2029bb9526cfb3638/python_rapidjson-1.20-cp310-cp310-macosx_10_9_x86_64.whl", hash = "sha256:eeaa8487fdd8db409bd2e0c41c59cee3b9f1d08401fc75520f7d35c7a22d8789", size = 229180 },
    { url = "https://files.pythonhosted.org/packages/09/02/fd5dbd50326986fb9151b26ffe3dcf3ad640aa2a4cf084761c2069f3cfe7/python_rapidjson-1.20-cp310-cp310-macosx_11_0_arm64.whl", hash = "sha256:425c2bb8e778a04497953482c251944b2736f61012d897f17b73da3eca060c27", size = 210275 },
    { url = "https://files.pythonhosted.org/packages/4f/5f/0595279e8111f231727e849513c3ce09623facabe1ef0f6ac0fde8e6eb2d/python_rapidjson-1.20-cp310-cp310-manylinux_2_17_aarch64.manylinux2014_aarch64.whl", hash = "sha256:4f7cbbff9696ea01dd8a29502cb314471c9a5d4239f2f3b7e35b6adbde2cc620", size = 1621065 },
    { url = "https://files.pythonhosted.org/packages/91/ed/4a4fa97dde61f6e98d0113754a11c0bb605c776d6e01dc6147fc34100c2c/python_rapidjson-1.20-cp310-cp310-manylinux_2_17_ppc64le.manylinux2014_ppc64le.whl", hash = "sha256:83a48f96d0abb8349a4d42f029259b755d8c6fd347f5de2d640e164c3f45e63b", size = 1666374 },
    { url = "https://files.pythonhosted.org/packages/f7/e4/b2d1dff12eae71c35e59d1379727697fd7a543d1ac027071f3cd486b8a1f/python_rapidjson-1.20-cp310-cp310-manylinux_2_17_x86_64.manylinux2014_x86_64.whl", hash = "sha256:6cb3ad353ec083a6dcf0552f1fce3c490f92e2fccf9a81eac42835297a8431a1", size = 1657318 },
    { url = "https://files.pythonhosted.org/packages/22/c4/a1a7e466b54f5f94efdf96a192f63fb6ef932e66ea1046df74a2547b78f7/python_rapidjson-1.20-cp310-cp310-manylinux_2_5_i686.manylinux1_i686.manylinux_2_17_i686.manylinux2014_i686.whl", hash = "sha256:7f7b6574887d8828f34eb3384092d6e6c290e8fbb12703c409dbdde814612657", size = 1563555 },
    { url = "https://files.pythonhosted.org/packages/d8/c0/3b04706555b130470496c7e60a93b2ce97a1b89fd5161d6e929adde0dfb6/python_rapidjson-1.20-cp310-cp310-musllinux_1_2_aarch64.whl", hash = "sha256:403e4986484f01f79fdce00b48c12a1b39d16e822cd37c60843ab26455ab0680", size = 2425266 },
    { url = "https://files.pythonhosted.org/packages/bd/4c/b3c85a3413a2df7cd4d9aa6fe51527a08c00bf8bc68b960d8e5765a2ad6a/python_rapidjson-1.20-cp310-cp310-musllinux_1_2_i686.whl", hash = "sha256:e3f89a58d7709d5879586e9dbfd11be76a799e8fbdbb5eddaffaeba9b572fba3", size = 2560749 },
    { url = "https://files.pythonhosted.org/packages/82/5b/ae31430f8725ce8a1ed8113eb7daf5d0943c159a87d0bc5b87064c35031b/python_rapidjson-1.20-cp310-cp310-musllinux_1_2_ppc64le.whl", hash = "sha256:b0d07d4f0ebbb2228d5140463f11ac519147b9d791f7e40b3edf518a806be3cc", size = 2568565 },
    { url = "https://files.pythonhosted.org/packages/63/0d/a7be7b2acf656ebfbb683d7f7e71bda793ca82d2d76fb1052cafc854eef8/python_rapidjson-1.20-cp310-cp310-musllinux_1_2_x86_64.whl", hash = "sha256:a5fb413414b92763a54d53b732df3c9de1b114012c8881a3d1215a19b9fca494", size = 2512111 },
    { url = "https://files.pythonhosted.org/packages/6b/a1/c48ed165d6e00f674fa40b9013ca4e0bf8865f637d7c6b6e9677bf98efe0/python_rapidjson-1.20-cp310-cp310-win32.whl", hash = "sha256:9831430f17101a6a249e07db9c42d26c3263e6009450722cce0c14726421f434", size = 127767 },
    { url = "https://files.pythonhosted.org/packages/64/46/f4a6b697c57bf2edb2dc9c08efbd9a93d38f1eb79f3bd7845de2f2c8bd60/python_rapidjson-1.20-cp310-cp310-win_amd64.whl", hash = "sha256:fbff5caf127c5bed4d6620f95a039dd9e293784d844af50782aaf278a743acb4", size = 149396 },
]

[[package]]
name = "pyyaml"
version = "6.0.2"
source = { registry = "https://pypi.org/simple" }
sdist = { url = "https://files.pythonhosted.org/packages/54/ed/79a089b6be93607fa5cdaedf301d7dfb23af5f25c398d5ead2525b063e17/pyyaml-6.0.2.tar.gz", hash = "sha256:d584d9ec91ad65861cc08d42e834324ef890a082e591037abe114850ff7bbc3e", size = 130631 }
wheels = [
    { url = "https://files.pythonhosted.org/packages/9b/95/a3fac87cb7158e231b5a6012e438c647e1a87f09f8e0d123acec8ab8bf71/PyYAML-6.0.2-cp310-cp310-macosx_10_9_x86_64.whl", hash = "sha256:0a9a2848a5b7feac301353437eb7d5957887edbf81d56e903999a75a3d743086", size = 184199 },
    { url = "https://files.pythonhosted.org/packages/c7/7a/68bd47624dab8fd4afbfd3c48e3b79efe09098ae941de5b58abcbadff5cb/PyYAML-6.0.2-cp310-cp310-macosx_11_0_arm64.whl", hash = "sha256:29717114e51c84ddfba879543fb232a6ed60086602313ca38cce623c1d62cfbf", size = 171758 },
    { url = "https://files.pythonhosted.org/packages/49/ee/14c54df452143b9ee9f0f29074d7ca5516a36edb0b4cc40c3f280131656f/PyYAML-6.0.2-cp310-cp310-manylinux_2_17_aarch64.manylinux2014_aarch64.whl", hash = "sha256:8824b5a04a04a047e72eea5cec3bc266db09e35de6bdfe34c9436ac5ee27d237", size = 718463 },
    { url = "https://files.pythonhosted.org/packages/4d/61/de363a97476e766574650d742205be468921a7b532aa2499fcd886b62530/PyYAML-6.0.2-cp310-cp310-manylinux_2_17_s390x.manylinux2014_s390x.whl", hash = "sha256:7c36280e6fb8385e520936c3cb3b8042851904eba0e58d277dca80a5cfed590b", size = 719280 },
    { url = "https://files.pythonhosted.org/packages/6b/4e/1523cb902fd98355e2e9ea5e5eb237cbc5f3ad5f3075fa65087aa0ecb669/PyYAML-6.0.2-cp310-cp310-manylinux_2_17_x86_64.manylinux2014_x86_64.whl", hash = "sha256:ec031d5d2feb36d1d1a24380e4db6d43695f3748343d99434e6f5f9156aaa2ed", size = 751239 },
    { url = "https://files.pythonhosted.org/packages/b7/33/5504b3a9a4464893c32f118a9cc045190a91637b119a9c881da1cf6b7a72/PyYAML-6.0.2-cp310-cp310-musllinux_1_1_aarch64.whl", hash = "sha256:936d68689298c36b53b29f23c6dbb74de12b4ac12ca6cfe0e047bedceea56180", size = 695802 },
    { url = "https://files.pythonhosted.org/packages/5c/20/8347dcabd41ef3a3cdc4f7b7a2aff3d06598c8779faa189cdbf878b626a4/PyYAML-6.0.2-cp310-cp310-musllinux_1_1_x86_64.whl", hash = "sha256:23502f431948090f597378482b4812b0caae32c22213aecf3b55325e049a6c68", size = 720527 },
    { url = "https://files.pythonhosted.org/packages/be/aa/5afe99233fb360d0ff37377145a949ae258aaab831bde4792b32650a4378/PyYAML-6.0.2-cp310-cp310-win32.whl", hash = "sha256:2e99c6826ffa974fe6e27cdb5ed0021786b03fc98e5ee3c5bfe1fd5015f42b99", size = 144052 },
    { url = "https://files.pythonhosted.org/packages/b5/84/0fa4b06f6d6c958d207620fc60005e241ecedceee58931bb20138e1e5776/PyYAML-6.0.2-cp310-cp310-win_amd64.whl", hash = "sha256:a4d3091415f010369ae4ed1fc6b79def9416358877534caf6a0fdd2146c87a3e", size = 161774 },
]

[[package]]
name = "renoir"
version = "1.8.0"
source = { registry = "https://pypi.org/simple" }
sdist = { url = "https://files.pythonhosted.org/packages/e1/66/c46107832f44508d178bb5c1ab18bb320cdc461d8e74c5d1406a8b600949/renoir-1.8.0.tar.gz", hash = "sha256:9ab3b361c45cd003b6d57f6328b4cd8397eb969f276465287d592bb4326e7fbc", size = 26278 }
wheels = [
    { url = "https://files.pythonhosted.org/packages/fb/89/a2bc0aee4a07f3e500b12b5b10205e436e82437ee329d1781460ea00ff49/renoir-1.8.0-py3-none-any.whl", hash = "sha256:f92a2368fe4ddd17ac2ad3df8f20cc1d80d30188d771639619facbeaf31fa5ee", size = 22690 },
]

[[package]]
name = "renoir-haml"
version = "1.0.0"
source = { registry = "https://pypi.org/simple" }
dependencies = [
    { name = "renoir" },
]
sdist = { url = "https://files.pythonhosted.org/packages/4e/88/beb32e7d7809aae9a20e1ea2148d048566aab59659f3406a1d7ac2873b16/Renoir-HAML-1.0.0.tar.gz", hash = "sha256:338a98e84fbea1c8c07a8ce9f941bf3c0a28ece003b9614b6929459185ec3ecd", size = 10395 }
wheels = [
    { url = "https://files.pythonhosted.org/packages/d5/d6/85921921424ff0bf6a72b8e1a33134d37e1d60d599067442de3d4d47ef59/Renoir_HAML-1.0.0-py3-none-any.whl", hash = "sha256:dacc329bbcecb8db8605ce6109fddffaf2cfb2b1279ca74ef396aa5d00169fd2", size = 12250 },
]

[[package]]
name = "sentry-sdk"
version = "2.29.1"
source = { registry = "https://pypi.org/simple" }
dependencies = [
    { name = "certifi" },
    { name = "urllib3" },
]
sdist = { url = "https://files.pythonhosted.org/packages/22/67/d552a5f8e5a6a56b2feea6529e2d8ccd54349084c84176d5a1f7295044bc/sentry_sdk-2.29.1.tar.gz", hash = "sha256:8d4a0206b95fa5fe85e5e7517ed662e3888374bdc342c00e435e10e6d831aa6d", size = 325518 }
wheels = [
    { url = "https://files.pythonhosted.org/packages/f0/e5/da07b0bd832cefd52d16f2b9bbbe31624d57552602c06631686b93ccb1bd/sentry_sdk-2.29.1-py2.py3-none-any.whl", hash = "sha256:90862fe0616ded4572da6c9dadb363121a1ae49a49e21c418f0634e9d10b4c19", size = 341553 },
]

[[package]]
name = "severus"
version = "1.4.1"
source = { registry = "https://pypi.org/simple" }
dependencies = [
    { name = "pyyaml" },
]
sdist = { url = "https://files.pythonhosted.org/packages/9f/72/72267a8aabb7fdb82d9596d37f23e402abd2213416b195ff3abadd88f815/severus-1.4.1.tar.gz", hash = "sha256:74df78758216c7fe603d30b341c3528b94e451c0cb94fd46ba9fa8da8f4d92ca", size = 10406 }
wheels = [
    { url = "https://files.pythonhosted.org/packages/bb/47/b341eb7784799265ea42222dd34ad64e018634d1ff5552337a417027c84b/severus-1.4.1-py3-none-any.whl", hash = "sha256:642974cb5b513ccc836abf8b7a0d93adffd59d0730ae3a3c7c1e4d8b62566587", size = 7487 },
]

[[package]]
name = "six"
version = "1.17.0"
source = { registry = "https://pypi.org/simple" }
sdist = { url = "https://files.pythonhosted.org/packages/94/e7/b2c673351809dca68a0e064b6af791aa332cf192da575fd474ed7d6f16a2/six-1.17.0.tar.gz", hash = "sha256:ff70335d468e7eb6ec65b95b99d3a2836546063f63acc5171de367e834932a81", size = 34031 }
wheels = [
    { url = "https://files.pythonhosted.org/packages/b7/ce/149a00dd41f10bc29e5921b496af8b574d8413afcd5e30dfa0ed46c2cc5e/six-1.17.0-py2.py3-none-any.whl", hash = "sha256:4721f391ed90541fddacab5acf947aa0d3dc7d27b2e1e8eda2be8970586c3274", size = 11050 },
]

[[package]]
name = "tzdata"
version = "2025.2"
source = { registry = "https://pypi.org/simple" }
sdist = { url = "https://files.pythonhosted.org/packages/95/32/1a225d6164441be760d75c2c42e2780dc0873fe382da3e98a2e1e48361e5/tzdata-2025.2.tar.gz", hash = "sha256:b60a638fcc0daffadf82fe0f57e53d06bdec2f36c4df66280ae79bce6bd6f2b9", size = 196380 }
wheels = [
    { url = "https://files.pythonhosted.org/packages/5c/23/c7abc0ca0a1526a0774eca151daeb8de62ec457e77262b66b359c3c7679e/tzdata-2025.2-py2.py3-none-any.whl", hash = "sha256:1a403fada01ff9221ca8044d701868fa132215d84beb92242d9acd2147f667a8", size = 347839 },
]

[[package]]
name = "urllib3"
version = "2.4.0"
source = { registry = "https://pypi.org/simple" }
sdist = { url = "https://files.pythonhosted.org/packages/8a/78/16493d9c386d8e60e442a35feac5e00f0913c0f4b7c217c11e8ec2ff53e0/urllib3-2.4.0.tar.gz", hash = "sha256:414bc6535b787febd7567804cc015fee39daab8ad86268f1310a9250697de466", size = 390672 }
wheels = [
    { url = "https://files.pythonhosted.org/packages/6b/11/cc635220681e93a0183390e26485430ca2c7b5f9d33b15c74c2861cb8091/urllib3-2.4.0-py3-none-any.whl", hash = "sha256:4e16665048960a0900c702d4a66415956a584919c03361cac9f1df5c5dd7e813", size = 128680 },
]

[[package]]
name = "uvloop"
version = "0.21.0"
source = { registry = "https://pypi.org/simple" }
sdist = { url = "https://files.pythonhosted.org/packages/af/c0/854216d09d33c543f12a44b393c402e89a920b1a0a7dc634c42de91b9cf6/uvloop-0.21.0.tar.gz", hash = "sha256:3bf12b0fda68447806a7ad847bfa591613177275d35b6724b1ee573faa3704e3", size = 2492741 }
wheels = [
    { url = "https://files.pythonhosted.org/packages/3d/76/44a55515e8c9505aa1420aebacf4dd82552e5e15691654894e90d0bd051a/uvloop-0.21.0-cp310-cp310-macosx_10_9_universal2.whl", hash = "sha256:ec7e6b09a6fdded42403182ab6b832b71f4edaf7f37a9a0e371a01db5f0cb45f", size = 1442019 },
    { url = "https://files.pythonhosted.org/packages/35/5a/62d5800358a78cc25c8a6c72ef8b10851bdb8cca22e14d9c74167b7f86da/uvloop-0.21.0-cp310-cp310-macosx_10_9_x86_64.whl", hash = "sha256:196274f2adb9689a289ad7d65700d37df0c0930fd8e4e743fa4834e850d7719d", size = 801898 },
    { url = "https://files.pythonhosted.org/packages/f3/96/63695e0ebd7da6c741ccd4489b5947394435e198a1382349c17b1146bb97/uvloop-0.21.0-cp310-cp310-manylinux_2_17_aarch64.manylinux2014_aarch64.whl", hash = "sha256:f38b2e090258d051d68a5b14d1da7203a3c3677321cf32a95a6f4db4dd8b6f26", size = 3827735 },
    { url = "https://files.pythonhosted.org/packages/61/e0/f0f8ec84979068ffae132c58c79af1de9cceeb664076beea86d941af1a30/uvloop-0.21.0-cp310-cp310-manylinux_2_17_x86_64.manylinux2014_x86_64.whl", hash = "sha256:87c43e0f13022b998eb9b973b5e97200c8b90823454d4bc06ab33829e09fb9bb", size = 3825126 },
    { url = "https://files.pythonhosted.org/packages/bf/fe/5e94a977d058a54a19df95f12f7161ab6e323ad49f4dabc28822eb2df7ea/uvloop-0.21.0-cp310-cp310-musllinux_1_2_aarch64.whl", hash = "sha256:10d66943def5fcb6e7b37310eb6b5639fd2ccbc38df1177262b0640c3ca68c1f", size = 3705789 },
    { url = "https://files.pythonhosted.org/packages/26/dd/c7179618e46092a77e036650c1f056041a028a35c4d76945089fcfc38af8/uvloop-0.21.0-cp310-cp310-musllinux_1_2_x86_64.whl", hash = "sha256:67dd654b8ca23aed0a8e99010b4c34aca62f4b7fce88f39d452ed7622c94845c", size = 3800523 },
]
